
Microsoft Visual Studio Solution File, Format Version 12.00
# Visual Studio Version 16
VisualStudioVersion = 16.0.30907.101
MinimumVisualStudioVersion = 10.0.40219.1
Project("{FAE04EC0-301F-11D3-BF4B-00C04F79EFBC}") = "Xamarin-CRUD.UWP", "Xamarin-CRUD\Xamarin-CRUD.UWP\Xamarin-CRUD.UWP.csproj", "{8EFE0901-CE0E-4836-96D7-BBD65830D9D7}"
EndProject
Project("{FAE04EC0-301F-11D3-BF4B-00C04F79EFBC}") = "Xamarin-CRUD.Android", "Xamarin-CRUD\Xamarin-CRUD.Android\Xamarin-CRUD.Android.csproj", "{E75D8352-B692-49B1-B3A9-882A40FB9353}"
EndProject
Project("{FAE04EC0-301F-11D3-BF4B-00C04F79EFBC}") = "Xamarin-CRUD.iOS", "Xamarin-CRUD\Xamarin-CRUD.iOS\Xamarin-CRUD.iOS.csproj", "{4406F98F-52D8-4199-A3E6-BC3898612FE6}"
EndProject
Project("{9A19103F-16F7-4668-BE54-9A1E7A4F7556}") = "Xamarin-CRUD", "Xamarin-CRUD\Xamarin-CRUD\Xamarin-CRUD.csproj", "{E5D0C4B7-EC13-4AAE-A4C5-DDFFB5B416DA}"
EndProject
Project("{FAE04EC0-301F-11D3-BF4B-00C04F79EFBC}") = "Xamarin-CRUD-DAL", "Xamarin-CRUD-DAL\Xamarin-CRUD-DAL.csproj", "{F67E4989-7363-488A-A71A-F62412B028B4}"
EndProject
Project("{FAE04EC0-301F-11D3-BF4B-00C04F79EFBC}") = "Xamarin-CRUD-BL", "Xamarin-CRUD-BL\Xamarin-CRUD-BL.csproj", "{856A576A-47A8-49EC-88FC-97CE06413653}"
EndProject
Project("{FAE04EC0-301F-11D3-BF4B-00C04F79EFBC}") = "Xamarin-CRUD-Entities", "Xamarin-CRUD-Entities\Xamarin-CRUD-Entities.csproj", "{CA26CA46-C600-42F5-A0F4-4FFF71CC60BC}"
EndProject
Global
	GlobalSection(SolutionConfigurationPlatforms) = preSolution
		Debug|Any CPU = Debug|Any CPU
		Debug|ARM = Debug|ARM
		Debug|iPhone = Debug|iPhone
		Debug|iPhoneSimulator = Debug|iPhoneSimulator
		Debug|x64 = Debug|x64
		Debug|x86 = Debug|x86
		Release|Any CPU = Release|Any CPU
		Release|ARM = Release|ARM
		Release|iPhone = Release|iPhone
		Release|iPhoneSimulator = Release|iPhoneSimulator
		Release|x64 = Release|x64
		Release|x86 = Release|x86
	EndGlobalSection
	GlobalSection(ProjectConfigurationPlatforms) = postSolution
		{8EFE0901-CE0E-4836-96D7-BBD65830D9D7}.Debug|Any CPU.ActiveCfg = Debug|x86
		{8EFE0901-CE0E-4836-96D7-BBD65830D9D7}.Debug|Any CPU.Build.0 = Debug|x86
		{8EFE0901-CE0E-4836-96D7-BBD65830D9D7}.Debug|Any CPU.Deploy.0 = Debug|x86
		{8EFE0901-CE0E-4836-96D7-BBD65830D9D7}.Debug|ARM.ActiveCfg = Debug|ARM
		{8EFE0901-CE0E-4836-96D7-BBD65830D9D7}.Debug|ARM.Build.0 = Debug|ARM
		{8EFE0901-CE0E-4836-96D7-BBD65830D9D7}.Debug|ARM.Deploy.0 = Debug|ARM
		{8EFE0901-CE0E-4836-96D7-BBD65830D9D7}.Debug|iPhone.ActiveCfg = Debug|x86
		{8EFE0901-CE0E-4836-96D7-BBD65830D9D7}.Debug|iPhone.Build.0 = Debug|x86
		{8EFE0901-CE0E-4836-96D7-BBD65830D9D7}.Debug|iPhone.Deploy.0 = Debug|x86
		{8EFE0901-CE0E-4836-96D7-BBD65830D9D7}.Debug|iPhoneSimulator.ActiveCfg = Debug|x86
		{8EFE0901-CE0E-4836-96D7-BBD65830D9D7}.Debug|iPhoneSimulator.Build.0 = Debug|x86
		{8EFE0901-CE0E-4836-96D7-BBD65830D9D7}.Debug|iPhoneSimulator.Deploy.0 = Debug|x86
		{8EFE0901-CE0E-4836-96D7-BBD65830D9D7}.Debug|x64.ActiveCfg = Debug|x64
		{8EFE0901-CE0E-4836-96D7-BBD65830D9D7}.Debug|x64.Build.0 = Debug|x64
		{8EFE0901-CE0E-4836-96D7-BBD65830D9D7}.Debug|x64.Deploy.0 = Debug|x64
		{8EFE0901-CE0E-4836-96D7-BBD65830D9D7}.Debug|x86.ActiveCfg = Debug|x86
		{8EFE0901-CE0E-4836-96D7-BBD65830D9D7}.Debug|x86.Build.0 = Debug|x86
		{8EFE0901-CE0E-4836-96D7-BBD65830D9D7}.Debug|x86.Deploy.0 = Debug|x86
		{8EFE0901-CE0E-4836-96D7-BBD65830D9D7}.Release|Any CPU.ActiveCfg = Release|x86
		{8EFE0901-CE0E-4836-96D7-BBD65830D9D7}.Release|Any CPU.Build.0 = Release|x86
		{8EFE0901-CE0E-4836-96D7-BBD65830D9D7}.Release|Any CPU.Deploy.0 = Release|x86
		{8EFE0901-CE0E-4836-96D7-BBD65830D9D7}.Release|ARM.ActiveCfg = Release|ARM
		{8EFE0901-CE0E-4836-96D7-BBD65830D9D7}.Release|ARM.Build.0 = Release|ARM
		{8EFE0901-CE0E-4836-96D7-BBD65830D9D7}.Release|ARM.Deploy.0 = Release|ARM
		{8EFE0901-CE0E-4836-96D7-BBD65830D9D7}.Release|iPhone.ActiveCfg = Release|x86
		{8EFE0901-CE0E-4836-96D7-BBD65830D9D7}.Release|iPhone.Build.0 = Release|x86
		{8EFE0901-CE0E-4836-96D7-BBD65830D9D7}.Release|iPhone.Deploy.0 = Release|x86
		{8EFE0901-CE0E-4836-96D7-BBD65830D9D7}.Release|iPhoneSimulator.ActiveCfg = Release|x86
		{8EFE0901-CE0E-4836-96D7-BBD65830D9D7}.Release|iPhoneSimulator.Build.0 = Release|x86
		{8EFE0901-CE0E-4836-96D7-BBD65830D9D7}.Release|iPhoneSimulator.Deploy.0 = Release|x86
		{8EFE0901-CE0E-4836-96D7-BBD65830D9D7}.Release|x64.ActiveCfg = Release|x64
		{8EFE0901-CE0E-4836-96D7-BBD65830D9D7}.Release|x64.Build.0 = Release|x64
		{8EFE0901-CE0E-4836-96D7-BBD65830D9D7}.Release|x64.Deploy.0 = Release|x64
		{8EFE0901-CE0E-4836-96D7-BBD65830D9D7}.Release|x86.ActiveCfg = Release|x86
		{8EFE0901-CE0E-4836-96D7-BBD65830D9D7}.Release|x86.Build.0 = Release|x86
		{8EFE0901-CE0E-4836-96D7-BBD65830D9D7}.Release|x86.Deploy.0 = Release|x86
		{E75D8352-B692-49B1-B3A9-882A40FB9353}.Debug|Any CPU.ActiveCfg = Debug|Any CPU
		{E75D8352-B692-49B1-B3A9-882A40FB9353}.Debug|Any CPU.Build.0 = Debug|Any CPU
		{E75D8352-B692-49B1-B3A9-882A40FB9353}.Debug|Any CPU.Deploy.0 = Debug|Any CPU
		{E75D8352-B692-49B1-B3A9-882A40FB9353}.Debug|ARM.ActiveCfg = Debug|Any CPU
		{E75D8352-B692-49B1-B3A9-882A40FB9353}.Debug|ARM.Build.0 = Debug|Any CPU
		{E75D8352-B692-49B1-B3A9-882A40FB9353}.Debug|ARM.Deploy.0 = Debug|Any CPU
		{E75D8352-B692-49B1-B3A9-882A40FB9353}.Debug|iPhone.ActiveCfg = Debug|Any CPU
		{E75D8352-B692-49B1-B3A9-882A40FB9353}.Debug|iPhone.Build.0 = Debug|Any CPU
		{E75D8352-B692-49B1-B3A9-882A40FB9353}.Debug|iPhone.Deploy.0 = Debug|Any CPU
		{E75D8352-B692-49B1-B3A9-882A40FB9353}.Debug|iPhoneSimulator.ActiveCfg = Debug|Any CPU
		{E75D8352-B692-49B1-B3A9-882A40FB9353}.Debug|iPhoneSimulator.Build.0 = Debug|Any CPU
		{E75D8352-B692-49B1-B3A9-882A40FB9353}.Debug|iPhoneSimulator.Deploy.0 = Debug|Any CPU
		{E75D8352-B692-49B1-B3A9-882A40FB9353}.Debug|x64.ActiveCfg = Debug|Any CPU
		{E75D8352-B692-49B1-B3A9-882A40FB9353}.Debug|x64.Build.0 = Debug|Any CPU
		{E75D8352-B692-49B1-B3A9-882A40FB9353}.Debug|x64.Deploy.0 = Debug|Any CPU
		{E75D8352-B692-49B1-B3A9-882A40FB9353}.Debug|x86.ActiveCfg = Debug|Any CPU
		{E75D8352-B692-49B1-B3A9-882A40FB9353}.Debug|x86.Build.0 = Debug|Any CPU
		{E75D8352-B692-49B1-B3A9-882A40FB9353}.Debug|x86.Deploy.0 = Debug|Any CPU
		{E75D8352-B692-49B1-B3A9-882A40FB9353}.Release|Any CPU.ActiveCfg = Release|Any CPU
		{E75D8352-B692-49B1-B3A9-882A40FB9353}.Release|Any CPU.Build.0 = Release|Any CPU
		{E75D8352-B692-49B1-B3A9-882A40FB9353}.Release|Any CPU.Deploy.0 = Release|Any CPU
		{E75D8352-B692-49B1-B3A9-882A40FB9353}.Release|ARM.ActiveCfg = Release|Any CPU
		{E75D8352-B692-49B1-B3A9-882A40FB9353}.Release|ARM.Build.0 = Release|Any CPU
		{E75D8352-B692-49B1-B3A9-882A40FB9353}.Release|ARM.Deploy.0 = Release|Any CPU
		{E75D8352-B692-49B1-B3A9-882A40FB9353}.Release|iPhone.ActiveCfg = Release|Any CPU
		{E75D8352-B692-49B1-B3A9-882A40FB9353}.Release|iPhone.Build.0 = Release|Any CPU
		{E75D8352-B692-49B1-B3A9-882A40FB9353}.Release|iPhone.Deploy.0 = Release|Any CPU
		{E75D8352-B692-49B1-B3A9-882A40FB9353}.Release|iPhoneSimulator.ActiveCfg = Release|Any CPU
		{E75D8352-B692-49B1-B3A9-882A40FB9353}.Release|iPhoneSimulator.Build.0 = Release|Any CPU
		{E75D8352-B692-49B1-B3A9-882A40FB9353}.Release|iPhoneSimulator.Deploy.0 = Release|Any CPU
		{E75D8352-B692-49B1-B3A9-882A40FB9353}.Release|x64.ActiveCfg = Release|Any CPU
		{E75D8352-B692-49B1-B3A9-882A40FB9353}.Release|x64.Build.0 = Release|Any CPU
		{E75D8352-B692-49B1-B3A9-882A40FB9353}.Release|x64.Deploy.0 = Release|Any CPU
		{E75D8352-B692-49B1-B3A9-882A40FB9353}.Release|x86.ActiveCfg = Release|Any CPU
		{E75D8352-B692-49B1-B3A9-882A40FB9353}.Release|x86.Build.0 = Release|Any CPU
		{E75D8352-B692-49B1-B3A9-882A40FB9353}.Release|x86.Deploy.0 = Release|Any CPU
		{4406F98F-52D8-4199-A3E6-BC3898612FE6}.Debug|Any CPU.ActiveCfg = Debug|iPhoneSimulator
		{4406F98F-52D8-4199-A3E6-BC3898612FE6}.Debug|Any CPU.Build.0 = Debug|iPhoneSimulator
		{4406F98F-52D8-4199-A3E6-BC3898612FE6}.Debug|Any CPU.Deploy.0 = Debug|iPhoneSimulator
		{4406F98F-52D8-4199-A3E6-BC3898612FE6}.Debug|ARM.ActiveCfg = Debug|iPhone
		{4406F98F-52D8-4199-A3E6-BC3898612FE6}.Debug|ARM.Build.0 = Debug|iPhone
		{4406F98F-52D8-4199-A3E6-BC3898612FE6}.Debug|ARM.Deploy.0 = Debug|iPhone
		{4406F98F-52D8-4199-A3E6-BC3898612FE6}.Debug|iPhone.ActiveCfg = Debug|iPhone
		{4406F98F-52D8-4199-A3E6-BC3898612FE6}.Debug|iPhone.Build.0 = Debug|iPhone
		{4406F98F-52D8-4199-A3E6-BC3898612FE6}.Debug|iPhone.Deploy.0 = Debug|iPhone
		{4406F98F-52D8-4199-A3E6-BC3898612FE6}.Debug|iPhoneSimulator.ActiveCfg = Debug|iPhoneSimulator
		{4406F98F-52D8-4199-A3E6-BC3898612FE6}.Debug|iPhoneSimulator.Build.0 = Debug|iPhoneSimulator
		{4406F98F-52D8-4199-A3E6-BC3898612FE6}.Debug|iPhoneSimulator.Deploy.0 = Debug|iPhoneSimulator
		{4406F98F-52D8-4199-A3E6-BC3898612FE6}.Debug|x64.ActiveCfg = Debug|iPhoneSimulator
		{4406F98F-52D8-4199-A3E6-BC3898612FE6}.Debug|x64.Build.0 = Debug|iPhoneSimulator
		{4406F98F-52D8-4199-A3E6-BC3898612FE6}.Debug|x64.Deploy.0 = Debug|iPhoneSimulator
		{4406F98F-52D8-4199-A3E6-BC3898612FE6}.Debug|x86.ActiveCfg = Debug|iPhoneSimulator
		{4406F98F-52D8-4199-A3E6-BC3898612FE6}.Debug|x86.Build.0 = Debug|iPhoneSimulator
		{4406F98F-52D8-4199-A3E6-BC3898612FE6}.Debug|x86.Deploy.0 = Debug|iPhoneSimulator
		{4406F98F-52D8-4199-A3E6-BC3898612FE6}.Release|Any CPU.ActiveCfg = Release|iPhoneSimulator
		{4406F98F-52D8-4199-A3E6-BC3898612FE6}.Release|Any CPU.Build.0 = Release|iPhoneSimulator
		{4406F98F-52D8-4199-A3E6-BC3898612FE6}.Release|Any CPU.Deploy.0 = Release|iPhoneSimulator
		{4406F98F-52D8-4199-A3E6-BC3898612FE6}.Release|ARM.ActiveCfg = Release|iPhoneSimulator
		{4406F98F-52D8-4199-A3E6-BC3898612FE6}.Release|ARM.Build.0 = Release|iPhoneSimulator
		{4406F98F-52D8-4199-A3E6-BC3898612FE6}.Release|ARM.Deploy.0 = Release|iPhoneSimulator
		{4406F98F-52D8-4199-A3E6-BC3898612FE6}.Release|iPhone.ActiveCfg = Release|iPhone
		{4406F98F-52D8-4199-A3E6-BC3898612FE6}.Release|iPhone.Build.0 = Release|iPhone
		{4406F98F-52D8-4199-A3E6-BC3898612FE6}.Release|iPhone.Deploy.0 = Release|iPhone
		{4406F98F-52D8-4199-A3E6-BC3898612FE6}.Release|iPhoneSimulator.ActiveCfg = Release|iPhoneSimulator
		{4406F98F-52D8-4199-A3E6-BC3898612FE6}.Release|iPhoneSimulator.Build.0 = Release|iPhoneSimulator
		{4406F98F-52D8-4199-A3E6-BC3898612FE6}.Release|iPhoneSimulator.Deploy.0 = Release|iPhoneSimulator
		{4406F98F-52D8-4199-A3E6-BC3898612FE6}.Release|x64.ActiveCfg = Release|iPhoneSimulator
		{4406F98F-52D8-4199-A3E6-BC3898612FE6}.Release|x64.Build.0 = Release|iPhoneSimulator
		{4406F98F-52D8-4199-A3E6-BC3898612FE6}.Release|x64.Deploy.0 = Release|iPhoneSimulator
		{4406F98F-52D8-4199-A3E6-BC3898612FE6}.Release|x86.ActiveCfg = Release|iPhoneSimulator
		{4406F98F-52D8-4199-A3E6-BC3898612FE6}.Release|x86.Build.0 = Release|iPhoneSimulator
		{4406F98F-52D8-4199-A3E6-BC3898612FE6}.Release|x86.Deploy.0 = Release|iPhoneSimulator
		{E5D0C4B7-EC13-4AAE-A4C5-DDFFB5B416DA}.Debug|Any CPU.ActiveCfg = Debug|Any CPU
		{E5D0C4B7-EC13-4AAE-A4C5-DDFFB5B416DA}.Debug|Any CPU.Build.0 = Debug|Any CPU
		{E5D0C4B7-EC13-4AAE-A4C5-DDFFB5B416DA}.Debug|Any CPU.Deploy.0 = Debug|Any CPU
		{E5D0C4B7-EC13-4AAE-A4C5-DDFFB5B416DA}.Debug|ARM.ActiveCfg = Debug|Any CPU
		{E5D0C4B7-EC13-4AAE-A4C5-DDFFB5B416DA}.Debug|ARM.Build.0 = Debug|Any CPU
		{E5D0C4B7-EC13-4AAE-A4C5-DDFFB5B416DA}.Debug|ARM.Deploy.0 = Debug|Any CPU
		{E5D0C4B7-EC13-4AAE-A4C5-DDFFB5B416DA}.Debug|iPhone.ActiveCfg = Debug|Any CPU
		{E5D0C4B7-EC13-4AAE-A4C5-DDFFB5B416DA}.Debug|iPhone.Build.0 = Debug|Any CPU
		{E5D0C4B7-EC13-4AAE-A4C5-DDFFB5B416DA}.Debug|iPhone.Deploy.0 = Debug|Any CPU
		{E5D0C4B7-EC13-4AAE-A4C5-DDFFB5B416DA}.Debug|iPhoneSimulator.ActiveCfg = Debug|Any CPU
		{E5D0C4B7-EC13-4AAE-A4C5-DDFFB5B416DA}.Debug|iPhoneSimulator.Build.0 = Debug|Any CPU
		{E5D0C4B7-EC13-4AAE-A4C5-DDFFB5B416DA}.Debug|iPhoneSimulator.Deploy.0 = Debug|Any CPU
		{E5D0C4B7-EC13-4AAE-A4C5-DDFFB5B416DA}.Debug|x64.ActiveCfg = Debug|Any CPU
		{E5D0C4B7-EC13-4AAE-A4C5-DDFFB5B416DA}.Debug|x64.Build.0 = Debug|Any CPU
		{E5D0C4B7-EC13-4AAE-A4C5-DDFFB5B416DA}.Debug|x64.Deploy.0 = Debug|Any CPU
		{E5D0C4B7-EC13-4AAE-A4C5-DDFFB5B416DA}.Debug|x86.ActiveCfg = Debug|Any CPU
		{E5D0C4B7-EC13-4AAE-A4C5-DDFFB5B416DA}.Debug|x86.Build.0 = Debug|Any CPU
		{E5D0C4B7-EC13-4AAE-A4C5-DDFFB5B416DA}.Debug|x86.Deploy.0 = Debug|Any CPU
		{E5D0C4B7-EC13-4AAE-A4C5-DDFFB5B416DA}.Release|Any CPU.ActiveCfg = Release|Any CPU
		{E5D0C4B7-EC13-4AAE-A4C5-DDFFB5B416DA}.Release|Any CPU.Build.0 = Release|Any CPU
		{E5D0C4B7-EC13-4AAE-A4C5-DDFFB5B416DA}.Release|Any CPU.Deploy.0 = Release|Any CPU
		{E5D0C4B7-EC13-4AAE-A4C5-DDFFB5B416DA}.Release|ARM.ActiveCfg = Release|Any CPU
		{E5D0C4B7-EC13-4AAE-A4C5-DDFFB5B416DA}.Release|ARM.Build.0 = Release|Any CPU
		{E5D0C4B7-EC13-4AAE-A4C5-DDFFB5B416DA}.Release|ARM.Deploy.0 = Release|Any CPU
		{E5D0C4B7-EC13-4AAE-A4C5-DDFFB5B416DA}.Release|iPhone.ActiveCfg = Release|Any CPU
		{E5D0C4B7-EC13-4AAE-A4C5-DDFFB5B416DA}.Release|iPhone.Build.0 = Release|Any CPU
		{E5D0C4B7-EC13-4AAE-A4C5-DDFFB5B416DA}.Release|iPhone.Deploy.0 = Release|Any CPU
		{E5D0C4B7-EC13-4AAE-A4C5-DDFFB5B416DA}.Release|iPhoneSimulator.ActiveCfg = Release|Any CPU
		{E5D0C4B7-EC13-4AAE-A4C5-DDFFB5B416DA}.Release|iPhoneSimulator.Build.0 = Release|Any CPU
		{E5D0C4B7-EC13-4AAE-A4C5-DDFFB5B416DA}.Release|iPhoneSimulator.Deploy.0 = Release|Any CPU
		{E5D0C4B7-EC13-4AAE-A4C5-DDFFB5B416DA}.Release|x64.ActiveCfg = Release|Any CPU
		{E5D0C4B7-EC13-4AAE-A4C5-DDFFB5B416DA}.Release|x64.Build.0 = Release|Any CPU
		{E5D0C4B7-EC13-4AAE-A4C5-DDFFB5B416DA}.Release|x64.Deploy.0 = Release|Any CPU
		{E5D0C4B7-EC13-4AAE-A4C5-DDFFB5B416DA}.Release|x86.ActiveCfg = Release|Any CPU
		{E5D0C4B7-EC13-4AAE-A4C5-DDFFB5B416DA}.Release|x86.Build.0 = Release|Any CPU
		{E5D0C4B7-EC13-4AAE-A4C5-DDFFB5B416DA}.Release|x86.Deploy.0 = Release|Any CPU
		{F67E4989-7363-488A-A71A-F62412B028B4}.Debug|Any CPU.ActiveCfg = Debug|Any CPU
		{F67E4989-7363-488A-A71A-F62412B028B4}.Debug|Any CPU.Build.0 = Debug|Any CPU
		{F67E4989-7363-488A-A71A-F62412B028B4}.Debug|ARM.ActiveCfg = Debug|Any CPU
		{F67E4989-7363-488A-A71A-F62412B028B4}.Debug|ARM.Build.0 = Debug|Any CPU
		{F67E4989-7363-488A-A71A-F62412B028B4}.Debug|iPhone.ActiveCfg = Debug|Any CPU
		{F67E4989-7363-488A-A71A-F62412B028B4}.Debug|iPhone.Build.0 = Debug|Any CPU
		{F67E4989-7363-488A-A71A-F62412B028B4}.Debug|iPhoneSimulator.ActiveCfg = Debug|Any CPU
		{F67E4989-7363-488A-A71A-F62412B028B4}.Debug|iPhoneSimulator.Build.0 = Debug|Any CPU
		{F67E4989-7363-488A-A71A-F62412B028B4}.Debug|x64.ActiveCfg = Debug|Any CPU
		{F67E4989-7363-488A-A71A-F62412B028B4}.Debug|x64.Build.0 = Debug|Any CPU
		{F67E4989-7363-488A-A71A-F62412B028B4}.Debug|x86.ActiveCfg = Debug|Any CPU
		{F67E4989-7363-488A-A71A-F62412B028B4}.Debug|x86.Build.0 = Debug|Any CPU
		{F67E4989-7363-488A-A71A-F62412B028B4}.Release|Any CPU.ActiveCfg = Release|Any CPU
		{F67E4989-7363-488A-A71A-F62412B028B4}.Release|Any CPU.Build.0 = Release|Any CPU
		{F67E4989-7363-488A-A71A-F62412B028B4}.Release|ARM.ActiveCfg = Release|Any CPU
		{F67E4989-7363-488A-A71A-F62412B028B4}.Release|ARM.Build.0 = Release|Any CPU
		{F67E4989-7363-488A-A71A-F62412B028B4}.Release|iPhone.ActiveCfg = Release|Any CPU
		{F67E4989-7363-488A-A71A-F62412B028B4}.Release|iPhone.Build.0 = Release|Any CPU
		{F67E4989-7363-488A-A71A-F62412B028B4}.Release|iPhoneSimulator.ActiveCfg = Release|Any CPU
		{F67E4989-7363-488A-A71A-F62412B028B4}.Release|iPhoneSimulator.Build.0 = Release|Any CPU
		{F67E4989-7363-488A-A71A-F62412B028B4}.Release|x64.ActiveCfg = Release|Any CPU
		{F67E4989-7363-488A-A71A-F62412B028B4}.Release|x64.Build.0 = Release|Any CPU
		{F67E4989-7363-488A-A71A-F62412B028B4}.Release|x86.ActiveCfg = Release|Any CPU
		{F67E4989-7363-488A-A71A-F62412B028B4}.Release|x86.Build.0 = Release|Any CPU
		{856A576A-47A8-49EC-88FC-97CE06413653}.Debug|Any CPU.ActiveCfg = Debug|Any CPU
		{856A576A-47A8-49EC-88FC-97CE06413653}.Debug|Any CPU.Build.0 = Debug|Any CPU
		{856A576A-47A8-49EC-88FC-97CE06413653}.Debug|ARM.ActiveCfg = Debug|Any CPU
		{856A576A-47A8-49EC-88FC-97CE06413653}.Debug|ARM.Build.0 = Debug|Any CPU
		{856A576A-47A8-49EC-88FC-97CE06413653}.Debug|iPhone.ActiveCfg = Debug|Any CPU
		{856A576A-47A8-49EC-88FC-97CE06413653}.Debug|iPhone.Build.0 = Debug|Any CPU
		{856A576A-47A8-49EC-88FC-97CE06413653}.Debug|iPhoneSimulator.ActiveCfg = Debug|Any CPU
		{856A576A-47A8-49EC-88FC-97CE06413653}.Debug|iPhoneSimulator.Build.0 = Debug|Any CPU
		{856A576A-47A8-49EC-88FC-97CE06413653}.Debug|x64.ActiveCfg = Debug|Any CPU
		{856A576A-47A8-49EC-88FC-97CE06413653}.Debug|x64.Build.0 = Debug|Any CPU
		{856A576A-47A8-49EC-88FC-97CE06413653}.Debug|x86.ActiveCfg = Debug|Any CPU
		{856A576A-47A8-49EC-88FC-97CE06413653}.Debug|x86.Build.0 = Debug|Any CPU
		{856A576A-47A8-49EC-88FC-97CE06413653}.Release|Any CPU.ActiveCfg = Release|Any CPU
		{856A576A-47A8-49EC-88FC-97CE06413653}.Release|Any CPU.Build.0 = Release|Any CPU
		{856A576A-47A8-49EC-88FC-97CE06413653}.Release|ARM.ActiveCfg = Release|Any CPU
		{856A576A-47A8-49EC-88FC-97CE06413653}.Release|ARM.Build.0 = Release|Any CPU
		{856A576A-47A8-49EC-88FC-97CE06413653}.Release|iPhone.ActiveCfg = Release|Any CPU
		{856A576A-47A8-49EC-88FC-97CE06413653}.Release|iPhone.Build.0 = Release|Any CPU
		{856A576A-47A8-49EC-88FC-97CE06413653}.Release|iPhoneSimulator.ActiveCfg = Release|Any CPU
		{856A576A-47A8-49EC-88FC-97CE06413653}.Release|iPhoneSimulator.Build.0 = Release|Any CPU
		{856A576A-47A8-49EC-88FC-97CE06413653}.Release|x64.ActiveCfg = Release|Any CPU
		{856A576A-47A8-49EC-88FC-97CE06413653}.Release|x64.Build.0 = Release|Any CPU
		{856A576A-47A8-49EC-88FC-97CE06413653}.Release|x86.ActiveCfg = Release|Any CPU
		{856A576A-47A8-49EC-88FC-97CE06413653}.Release|x86.Build.0 = Release|Any CPU
		{CA26CA46-C600-42F5-A0F4-4FFF71CC60BC}.Debug|Any CPU.ActiveCfg = Debug|Any CPU
		{CA26CA46-C600-42F5-A0F4-4FFF71CC60BC}.Debug|Any CPU.Build.0 = Debug|Any CPU
		{CA26CA46-C600-42F5-A0F4-4FFF71CC60BC}.Debug|ARM.ActiveCfg = Debug|Any CPU
		{CA26CA46-C600-42F5-A0F4-4FFF71CC60BC}.Debug|ARM.Build.0 = Debug|Any CPU
		{CA26CA46-C600-42F5-A0F4-4FFF71CC60BC}.Debug|iPhone.ActiveCfg = Debug|Any CPU
		{CA26CA46-C600-42F5-A0F4-4FFF71CC60BC}.Debug|iPhone.Build.0 = Debug|Any CPU
		{CA26CA46-C600-42F5-A0F4-4FFF71CC60BC}.Debug|iPhoneSimulator.ActiveCfg = Debug|Any CPU
		{CA26CA46-C600-42F5-A0F4-4FFF71CC60BC}.Debug|iPhoneSimulator.Build.0 = Debug|Any CPU
		{CA26CA46-C600-42F5-A0F4-4FFF71CC60BC}.Debug|x64.ActiveCfg = Debug|Any CPU
		{CA26CA46-C600-42F5-A0F4-4FFF71CC60BC}.Debug|x64.Build.0 = Debug|Any CPU
		{CA26CA46-C600-42F5-A0F4-4FFF71CC60BC}.Debug|x86.ActiveCfg = Debug|Any CPU
		{CA26CA46-C600-42F5-A0F4-4FFF71CC60BC}.Debug|x86.Build.0 = Debug|Any CPU
		{CA26CA46-C600-42F5-A0F4-4FFF71CC60BC}.Release|Any CPU.ActiveCfg = Release|Any CPU
		{CA26CA46-C600-42F5-A0F4-4FFF71CC60BC}.Release|Any CPU.Build.0 = Release|Any CPU
		{CA26CA46-C600-42F5-A0F4-4FFF71CC60BC}.Release|ARM.ActiveCfg = Release|Any CPU
		{CA26CA46-C600-42F5-A0F4-4FFF71CC60BC}.Release|ARM.Build.0 = Release|Any CPU
		{CA26CA46-C600-42F5-A0F4-4FFF71CC60BC}.Release|iPhone.ActiveCfg = Release|Any CPU
		{CA26CA46-C600-42F5-A0F4-4FFF71CC60BC}.Release|iPhone.Build.0 = Release|Any CPU
		{CA26CA46-C600-42F5-A0F4-4FFF71CC60BC}.Release|iPhoneSimulator.ActiveCfg = Release|Any CPU
		{CA26CA46-C600-42F5-A0F4-4FFF71CC60BC}.Release|iPhoneSimulator.Build.0 = Release|Any CPU
		{CA26CA46-C600-42F5-A0F4-4FFF71CC60BC}.Release|x64.ActiveCfg = Release|Any CPU
		{CA26CA46-C600-42F5-A0F4-4FFF71CC60BC}.Release|x64.Build.0 = Release|Any CPU
		{CA26CA46-C600-42F5-A0F4-4FFF71CC60BC}.Release|x86.ActiveCfg = Release|Any CPU
		{CA26CA46-C600-42F5-A0F4-4FFF71CC60BC}.Release|x86.Build.0 = Release|Any CPU
	EndGlobalSection
	GlobalSection(SolutionProperties) = preSolution
		HideSolutionNode = FALSE
	EndGlobalSection
	GlobalSection(ExtensibilityGlobals) = postSolution
		SolutionGuid = {A0FE6222-3A78-4E1C-95CC-E9A5A3244010}
	EndGlobalSection
EndGlobal
