
Microsoft Visual Studio Solution File, Format Version 12.00
# Visual Studio Version 16
VisualStudioVersion = 16.0.30517.126
MinimumVisualStudioVersion = 10.0.40219.1
Project("{FAE04EC0-301F-11D3-BF4B-00C04F79EFBC}") = "01 - HelloWorldWpfCSharp", "01 - Saludar\01 - HelloWorldWpfCSharp.csproj", "{CC512F83-0515-4B06-B5B3-D208DB3C78EB}"
EndProject
Project("{F184B08F-C81C-45F6-A57F-5ABD9991F28F}") = "01 - HelloWorldWpfVB", "01 - HelloWorldWpfVB\01 - HelloWorldWpfVB.vbproj", "{FA41F4B2-9ED0-42C6-9AAC-5985194C2562}"
EndProject
Global
	GlobalSection(SolutionConfigurationPlatforms) = preSolution
		Debug|Any CPU = Debug|Any CPU
		Release|Any CPU = Release|Any CPU
	EndGlobalSection
	GlobalSection(ProjectConfigurationPlatforms) = postSolution
		{CC512F83-0515-4B06-B5B3-D208DB3C78EB}.Debug|Any CPU.ActiveCfg = Debug|Any CPU
		{CC512F83-0515-4B06-B5B3-D208DB3C78EB}.Debug|Any CPU.Build.0 = Debug|Any CPU
		{CC512F83-0515-4B06-B5B3-D208DB3C78EB}.Release|Any CPU.ActiveCfg = Release|Any CPU
		{CC512F83-0515-4B06-B5B3-D208DB3C78EB}.Release|Any CPU.Build.0 = Release|Any CPU
		{FA41F4B2-9ED0-42C6-9AAC-5985194C2562}.Debug|Any CPU.ActiveCfg = Debug|Any CPU
		{FA41F4B2-9ED0-42C6-9AAC-5985194C2562}.Debug|Any CPU.Build.0 = Debug|Any CPU
		{FA41F4B2-9ED0-42C6-9AAC-5985194C2562}.Release|Any CPU.ActiveCfg = Release|Any CPU
		{FA41F4B2-9ED0-42C6-9AAC-5985194C2562}.Release|Any CPU.Build.0 = Release|Any CPU
	EndGlobalSection
	GlobalSection(SolutionProperties) = preSolution
		HideSolutionNode = FALSE
	EndGlobalSection
	GlobalSection(ExtensibilityGlobals) = postSolution
		SolutionGuid = {163236AB-DF73-4B8B-9B37-306E28B7527B}
	EndGlobalSection
EndGlobal
