
Microsoft Visual Studio Solution File, Format Version 12.00
# Visual Studio Version 16
VisualStudioVersion = 16.0.30517.126
MinimumVisualStudioVersion = 10.0.40219.1
Project("{FAE04EC0-301F-11D3-BF4B-00C04F79EFBC}") = "CRUD_Xamarin.UWP", "CRUD_Xamarin\CRUD_Xamarin.UWP\CRUD_Xamarin.UWP.csproj", "{BFA65A5E-A402-4F4A-B647-0E7FCE11376A}"
EndProject
Project("{FAE04EC0-301F-11D3-BF4B-00C04F79EFBC}") = "CRUD_Xamarin.Android", "CRUD_Xamarin\CRUD_Xamarin.Android\CRUD_Xamarin.Android.csproj", "{446E6BB4-16E4-48B2-BCF2-7EF16A9C2A21}"
EndProject
Project("{FAE04EC0-301F-11D3-BF4B-00C04F79EFBC}") = "CRUD_Xamarin.iOS", "CRUD_Xamarin\CRUD_Xamarin.iOS\CRUD_Xamarin.iOS.csproj", "{71A71F68-E764-44FB-89D2-F1FE2669BFAF}"
EndProject
Project("{9A19103F-16F7-4668-BE54-9A1E7A4F7556}") = "CRUD_Xamarin", "CRUD_Xamarin\CRUD_Xamarin\CRUD_Xamarin.csproj", "{B68AA44D-22D3-4519-8A30-AFC85463B63D}"
EndProject
Project("{9A19103F-16F7-4668-BE54-9A1E7A4F7556}") = "CRUD_Xamarin_DAL", "CRUD_Xamarin_DAL\CRUD_Xamarin_DAL.csproj", "{DD4452CC-CA5C-4D88-8008-36FCB5259D30}"
EndProject
Project("{9A19103F-16F7-4668-BE54-9A1E7A4F7556}") = "CRUD_Xamarin_BL", "CRUD_Xamarin_BL\CRUD_Xamarin_BL.csproj", "{85672C39-8846-4346-9A00-7F1EA6DDD86E}"
EndProject
Project("{9A19103F-16F7-4668-BE54-9A1E7A4F7556}") = "CRUD_Xamarin_Entities", "CRUD_Xamarin_Entities\CRUD_Xamarin_Entities.csproj", "{F9165AD0-08E7-41EE-90A5-39EECA235CF6}"
EndProject
Project("{2150E333-8FDC-42A3-9474-1A3956D46DE8}") = "Solution Items", "Solution Items", "{CD4C9487-B6D2-4A6D-B840-12F0E338B449}"
	ProjectSection(SolutionItems) = preProject
		TODO.txt = TODO.txt
	EndProjectSection
EndProject
Global
	GlobalSection(SolutionConfigurationPlatforms) = preSolution
		Debug|Any CPU = Debug|Any CPU
		Debug|ARM = Debug|ARM
		Debug|iPhone = Debug|iPhone
		Debug|iPhoneSimulator = Debug|iPhoneSimulator
		Debug|x64 = Debug|x64
		Debug|x86 = Debug|x86
		Release|Any CPU = Release|Any CPU
		Release|ARM = Release|ARM
		Release|iPhone = Release|iPhone
		Release|iPhoneSimulator = Release|iPhoneSimulator
		Release|x64 = Release|x64
		Release|x86 = Release|x86
	EndGlobalSection
	GlobalSection(ProjectConfigurationPlatforms) = postSolution
		{BFA65A5E-A402-4F4A-B647-0E7FCE11376A}.Debug|Any CPU.ActiveCfg = Debug|x86
		{BFA65A5E-A402-4F4A-B647-0E7FCE11376A}.Debug|Any CPU.Build.0 = Debug|x86
		{BFA65A5E-A402-4F4A-B647-0E7FCE11376A}.Debug|Any CPU.Deploy.0 = Debug|x86
		{BFA65A5E-A402-4F4A-B647-0E7FCE11376A}.Debug|ARM.ActiveCfg = Debug|ARM
		{BFA65A5E-A402-4F4A-B647-0E7FCE11376A}.Debug|ARM.Build.0 = Debug|ARM
		{BFA65A5E-A402-4F4A-B647-0E7FCE11376A}.Debug|ARM.Deploy.0 = Debug|ARM
		{BFA65A5E-A402-4F4A-B647-0E7FCE11376A}.Debug|iPhone.ActiveCfg = Debug|x86
		{BFA65A5E-A402-4F4A-B647-0E7FCE11376A}.Debug|iPhoneSimulator.ActiveCfg = Debug|x86
		{BFA65A5E-A402-4F4A-B647-0E7FCE11376A}.Debug|x64.ActiveCfg = Debug|x64
		{BFA65A5E-A402-4F4A-B647-0E7FCE11376A}.Debug|x64.Build.0 = Debug|x64
		{BFA65A5E-A402-4F4A-B647-0E7FCE11376A}.Debug|x64.Deploy.0 = Debug|x64
		{BFA65A5E-A402-4F4A-B647-0E7FCE11376A}.Debug|x86.ActiveCfg = Debug|x86
		{BFA65A5E-A402-4F4A-B647-0E7FCE11376A}.Debug|x86.Build.0 = Debug|x86
		{BFA65A5E-A402-4F4A-B647-0E7FCE11376A}.Debug|x86.Deploy.0 = Debug|x86
		{BFA65A5E-A402-4F4A-B647-0E7FCE11376A}.Release|Any CPU.ActiveCfg = Release|x86
		{BFA65A5E-A402-4F4A-B647-0E7FCE11376A}.Release|ARM.ActiveCfg = Release|ARM
		{BFA65A5E-A402-4F4A-B647-0E7FCE11376A}.Release|ARM.Build.0 = Release|ARM
		{BFA65A5E-A402-4F4A-B647-0E7FCE11376A}.Release|ARM.Deploy.0 = Release|ARM
		{BFA65A5E-A402-4F4A-B647-0E7FCE11376A}.Release|iPhone.ActiveCfg = Release|x86
		{BFA65A5E-A402-4F4A-B647-0E7FCE11376A}.Release|iPhoneSimulator.ActiveCfg = Release|x86
		{BFA65A5E-A402-4F4A-B647-0E7FCE11376A}.Release|x64.ActiveCfg = Release|x64
		{BFA65A5E-A402-4F4A-B647-0E7FCE11376A}.Release|x64.Build.0 = Release|x64
		{BFA65A5E-A402-4F4A-B647-0E7FCE11376A}.Release|x64.Deploy.0 = Release|x64
		{BFA65A5E-A402-4F4A-B647-0E7FCE11376A}.Release|x86.ActiveCfg = Release|x86
		{BFA65A5E-A402-4F4A-B647-0E7FCE11376A}.Release|x86.Build.0 = Release|x86
		{BFA65A5E-A402-4F4A-B647-0E7FCE11376A}.Release|x86.Deploy.0 = Release|x86
		{446E6BB4-16E4-48B2-BCF2-7EF16A9C2A21}.Debug|Any CPU.ActiveCfg = Debug|Any CPU
		{446E6BB4-16E4-48B2-BCF2-7EF16A9C2A21}.Debug|Any CPU.Build.0 = Debug|Any CPU
		{446E6BB4-16E4-48B2-BCF2-7EF16A9C2A21}.Debug|Any CPU.Deploy.0 = Debug|Any CPU
		{446E6BB4-16E4-48B2-BCF2-7EF16A9C2A21}.Debug|ARM.ActiveCfg = Debug|Any CPU
		{446E6BB4-16E4-48B2-BCF2-7EF16A9C2A21}.Debug|ARM.Build.0 = Debug|Any CPU
		{446E6BB4-16E4-48B2-BCF2-7EF16A9C2A21}.Debug|ARM.Deploy.0 = Debug|Any CPU
		{446E6BB4-16E4-48B2-BCF2-7EF16A9C2A21}.Debug|iPhone.ActiveCfg = Debug|Any CPU
		{446E6BB4-16E4-48B2-BCF2-7EF16A9C2A21}.Debug|iPhone.Build.0 = Debug|Any CPU
		{446E6BB4-16E4-48B2-BCF2-7EF16A9C2A21}.Debug|iPhone.Deploy.0 = Debug|Any CPU
		{446E6BB4-16E4-48B2-BCF2-7EF16A9C2A21}.Debug|iPhoneSimulator.ActiveCfg = Debug|Any CPU
		{446E6BB4-16E4-48B2-BCF2-7EF16A9C2A21}.Debug|iPhoneSimulator.Build.0 = Debug|Any CPU
		{446E6BB4-16E4-48B2-BCF2-7EF16A9C2A21}.Debug|iPhoneSimulator.Deploy.0 = Debug|Any CPU
		{446E6BB4-16E4-48B2-BCF2-7EF16A9C2A21}.Debug|x64.ActiveCfg = Debug|Any CPU
		{446E6BB4-16E4-48B2-BCF2-7EF16A9C2A21}.Debug|x64.Build.0 = Debug|Any CPU
		{446E6BB4-16E4-48B2-BCF2-7EF16A9C2A21}.Debug|x64.Deploy.0 = Debug|Any CPU
		{446E6BB4-16E4-48B2-BCF2-7EF16A9C2A21}.Debug|x86.ActiveCfg = Debug|Any CPU
		{446E6BB4-16E4-48B2-BCF2-7EF16A9C2A21}.Debug|x86.Build.0 = Debug|Any CPU
		{446E6BB4-16E4-48B2-BCF2-7EF16A9C2A21}.Debug|x86.Deploy.0 = Debug|Any CPU
		{446E6BB4-16E4-48B2-BCF2-7EF16A9C2A21}.Release|Any CPU.ActiveCfg = Release|Any CPU
		{446E6BB4-16E4-48B2-BCF2-7EF16A9C2A21}.Release|Any CPU.Build.0 = Release|Any CPU
		{446E6BB4-16E4-48B2-BCF2-7EF16A9C2A21}.Release|Any CPU.Deploy.0 = Release|Any CPU
		{446E6BB4-16E4-48B2-BCF2-7EF16A9C2A21}.Release|ARM.ActiveCfg = Release|Any CPU
		{446E6BB4-16E4-48B2-BCF2-7EF16A9C2A21}.Release|ARM.Build.0 = Release|Any CPU
		{446E6BB4-16E4-48B2-BCF2-7EF16A9C2A21}.Release|ARM.Deploy.0 = Release|Any CPU
		{446E6BB4-16E4-48B2-BCF2-7EF16A9C2A21}.Release|iPhone.ActiveCfg = Release|Any CPU
		{446E6BB4-16E4-48B2-BCF2-7EF16A9C2A21}.Release|iPhone.Build.0 = Release|Any CPU
		{446E6BB4-16E4-48B2-BCF2-7EF16A9C2A21}.Release|iPhone.Deploy.0 = Release|Any CPU
		{446E6BB4-16E4-48B2-BCF2-7EF16A9C2A21}.Release|iPhoneSimulator.ActiveCfg = Release|Any CPU
		{446E6BB4-16E4-48B2-BCF2-7EF16A9C2A21}.Release|iPhoneSimulator.Build.0 = Release|Any CPU
		{446E6BB4-16E4-48B2-BCF2-7EF16A9C2A21}.Release|iPhoneSimulator.Deploy.0 = Release|Any CPU
		{446E6BB4-16E4-48B2-BCF2-7EF16A9C2A21}.Release|x64.ActiveCfg = Release|Any CPU
		{446E6BB4-16E4-48B2-BCF2-7EF16A9C2A21}.Release|x64.Build.0 = Release|Any CPU
		{446E6BB4-16E4-48B2-BCF2-7EF16A9C2A21}.Release|x64.Deploy.0 = Release|Any CPU
		{446E6BB4-16E4-48B2-BCF2-7EF16A9C2A21}.Release|x86.ActiveCfg = Release|Any CPU
		{446E6BB4-16E4-48B2-BCF2-7EF16A9C2A21}.Release|x86.Build.0 = Release|Any CPU
		{446E6BB4-16E4-48B2-BCF2-7EF16A9C2A21}.Release|x86.Deploy.0 = Release|Any CPU
		{71A71F68-E764-44FB-89D2-F1FE2669BFAF}.Debug|Any CPU.ActiveCfg = Debug|iPhoneSimulator
		{71A71F68-E764-44FB-89D2-F1FE2669BFAF}.Debug|Any CPU.Build.0 = Debug|iPhoneSimulator
		{71A71F68-E764-44FB-89D2-F1FE2669BFAF}.Debug|ARM.ActiveCfg = Debug|iPhoneSimulator
		{71A71F68-E764-44FB-89D2-F1FE2669BFAF}.Debug|iPhone.ActiveCfg = Debug|iPhone
		{71A71F68-E764-44FB-89D2-F1FE2669BFAF}.Debug|iPhone.Build.0 = Debug|iPhone
		{71A71F68-E764-44FB-89D2-F1FE2669BFAF}.Debug|iPhoneSimulator.ActiveCfg = Debug|iPhoneSimulator
		{71A71F68-E764-44FB-89D2-F1FE2669BFAF}.Debug|iPhoneSimulator.Build.0 = Debug|iPhoneSimulator
		{71A71F68-E764-44FB-89D2-F1FE2669BFAF}.Debug|x64.ActiveCfg = Debug|iPhoneSimulator
		{71A71F68-E764-44FB-89D2-F1FE2669BFAF}.Debug|x86.ActiveCfg = Debug|iPhoneSimulator
		{71A71F68-E764-44FB-89D2-F1FE2669BFAF}.Release|Any CPU.ActiveCfg = Release|iPhoneSimulator
		{71A71F68-E764-44FB-89D2-F1FE2669BFAF}.Release|ARM.ActiveCfg = Release|iPhoneSimulator
		{71A71F68-E764-44FB-89D2-F1FE2669BFAF}.Release|iPhone.ActiveCfg = Release|iPhone
		{71A71F68-E764-44FB-89D2-F1FE2669BFAF}.Release|iPhone.Build.0 = Release|iPhone
		{71A71F68-E764-44FB-89D2-F1FE2669BFAF}.Release|iPhoneSimulator.ActiveCfg = Release|iPhoneSimulator
		{71A71F68-E764-44FB-89D2-F1FE2669BFAF}.Release|iPhoneSimulator.Build.0 = Release|iPhoneSimulator
		{71A71F68-E764-44FB-89D2-F1FE2669BFAF}.Release|x64.ActiveCfg = Release|iPhoneSimulator
		{71A71F68-E764-44FB-89D2-F1FE2669BFAF}.Release|x86.ActiveCfg = Release|iPhoneSimulator
		{B68AA44D-22D3-4519-8A30-AFC85463B63D}.Debug|Any CPU.ActiveCfg = Debug|Any CPU
		{B68AA44D-22D3-4519-8A30-AFC85463B63D}.Debug|Any CPU.Build.0 = Debug|Any CPU
		{B68AA44D-22D3-4519-8A30-AFC85463B63D}.Debug|Any CPU.Deploy.0 = Debug|Any CPU
		{B68AA44D-22D3-4519-8A30-AFC85463B63D}.Debug|ARM.ActiveCfg = Debug|Any CPU
		{B68AA44D-22D3-4519-8A30-AFC85463B63D}.Debug|ARM.Build.0 = Debug|Any CPU
		{B68AA44D-22D3-4519-8A30-AFC85463B63D}.Debug|ARM.Deploy.0 = Debug|Any CPU
		{B68AA44D-22D3-4519-8A30-AFC85463B63D}.Debug|iPhone.ActiveCfg = Debug|Any CPU
		{B68AA44D-22D3-4519-8A30-AFC85463B63D}.Debug|iPhone.Build.0 = Debug|Any CPU
		{B68AA44D-22D3-4519-8A30-AFC85463B63D}.Debug|iPhone.Deploy.0 = Debug|Any CPU
		{B68AA44D-22D3-4519-8A30-AFC85463B63D}.Debug|iPhoneSimulator.ActiveCfg = Debug|Any CPU
		{B68AA44D-22D3-4519-8A30-AFC85463B63D}.Debug|iPhoneSimulator.Build.0 = Debug|Any CPU
		{B68AA44D-22D3-4519-8A30-AFC85463B63D}.Debug|iPhoneSimulator.Deploy.0 = Debug|Any CPU
		{B68AA44D-22D3-4519-8A30-AFC85463B63D}.Debug|x64.ActiveCfg = Debug|Any CPU
		{B68AA44D-22D3-4519-8A30-AFC85463B63D}.Debug|x64.Build.0 = Debug|Any CPU
		{B68AA44D-22D3-4519-8A30-AFC85463B63D}.Debug|x64.Deploy.0 = Debug|Any CPU
		{B68AA44D-22D3-4519-8A30-AFC85463B63D}.Debug|x86.ActiveCfg = Debug|Any CPU
		{B68AA44D-22D3-4519-8A30-AFC85463B63D}.Debug|x86.Build.0 = Debug|Any CPU
		{B68AA44D-22D3-4519-8A30-AFC85463B63D}.Debug|x86.Deploy.0 = Debug|Any CPU
		{B68AA44D-22D3-4519-8A30-AFC85463B63D}.Release|Any CPU.ActiveCfg = Release|Any CPU
		{B68AA44D-22D3-4519-8A30-AFC85463B63D}.Release|Any CPU.Build.0 = Release|Any CPU
		{B68AA44D-22D3-4519-8A30-AFC85463B63D}.Release|Any CPU.Deploy.0 = Release|Any CPU
		{B68AA44D-22D3-4519-8A30-AFC85463B63D}.Release|ARM.ActiveCfg = Release|Any CPU
		{B68AA44D-22D3-4519-8A30-AFC85463B63D}.Release|ARM.Build.0 = Release|Any CPU
		{B68AA44D-22D3-4519-8A30-AFC85463B63D}.Release|ARM.Deploy.0 = Release|Any CPU
		{B68AA44D-22D3-4519-8A30-AFC85463B63D}.Release|iPhone.ActiveCfg = Release|Any CPU
		{B68AA44D-22D3-4519-8A30-AFC85463B63D}.Release|iPhone.Build.0 = Release|Any CPU
		{B68AA44D-22D3-4519-8A30-AFC85463B63D}.Release|iPhone.Deploy.0 = Release|Any CPU
		{B68AA44D-22D3-4519-8A30-AFC85463B63D}.Release|iPhoneSimulator.ActiveCfg = Release|Any CPU
		{B68AA44D-22D3-4519-8A30-AFC85463B63D}.Release|iPhoneSimulator.Build.0 = Release|Any CPU
		{B68AA44D-22D3-4519-8A30-AFC85463B63D}.Release|iPhoneSimulator.Deploy.0 = Release|Any CPU
		{B68AA44D-22D3-4519-8A30-AFC85463B63D}.Release|x64.ActiveCfg = Release|Any CPU
		{B68AA44D-22D3-4519-8A30-AFC85463B63D}.Release|x64.Build.0 = Release|Any CPU
		{B68AA44D-22D3-4519-8A30-AFC85463B63D}.Release|x64.Deploy.0 = Release|Any CPU
		{B68AA44D-22D3-4519-8A30-AFC85463B63D}.Release|x86.ActiveCfg = Release|Any CPU
		{B68AA44D-22D3-4519-8A30-AFC85463B63D}.Release|x86.Build.0 = Release|Any CPU
		{B68AA44D-22D3-4519-8A30-AFC85463B63D}.Release|x86.Deploy.0 = Release|Any CPU
		{DD4452CC-CA5C-4D88-8008-36FCB5259D30}.Debug|Any CPU.ActiveCfg = Debug|Any CPU
		{DD4452CC-CA5C-4D88-8008-36FCB5259D30}.Debug|Any CPU.Build.0 = Debug|Any CPU
		{DD4452CC-CA5C-4D88-8008-36FCB5259D30}.Debug|ARM.ActiveCfg = Debug|Any CPU
		{DD4452CC-CA5C-4D88-8008-36FCB5259D30}.Debug|ARM.Build.0 = Debug|Any CPU
		{DD4452CC-CA5C-4D88-8008-36FCB5259D30}.Debug|iPhone.ActiveCfg = Debug|Any CPU
		{DD4452CC-CA5C-4D88-8008-36FCB5259D30}.Debug|iPhone.Build.0 = Debug|Any CPU
		{DD4452CC-CA5C-4D88-8008-36FCB5259D30}.Debug|iPhoneSimulator.ActiveCfg = Debug|Any CPU
		{DD4452CC-CA5C-4D88-8008-36FCB5259D30}.Debug|iPhoneSimulator.Build.0 = Debug|Any CPU
		{DD4452CC-CA5C-4D88-8008-36FCB5259D30}.Debug|x64.ActiveCfg = Debug|Any CPU
		{DD4452CC-CA5C-4D88-8008-36FCB5259D30}.Debug|x64.Build.0 = Debug|Any CPU
		{DD4452CC-CA5C-4D88-8008-36FCB5259D30}.Debug|x86.ActiveCfg = Debug|Any CPU
		{DD4452CC-CA5C-4D88-8008-36FCB5259D30}.Debug|x86.Build.0 = Debug|Any CPU
		{DD4452CC-CA5C-4D88-8008-36FCB5259D30}.Release|Any CPU.ActiveCfg = Release|Any CPU
		{DD4452CC-CA5C-4D88-8008-36FCB5259D30}.Release|Any CPU.Build.0 = Release|Any CPU
		{DD4452CC-CA5C-4D88-8008-36FCB5259D30}.Release|ARM.ActiveCfg = Release|Any CPU
		{DD4452CC-CA5C-4D88-8008-36FCB5259D30}.Release|ARM.Build.0 = Release|Any CPU
		{DD4452CC-CA5C-4D88-8008-36FCB5259D30}.Release|iPhone.ActiveCfg = Release|Any CPU
		{DD4452CC-CA5C-4D88-8008-36FCB5259D30}.Release|iPhone.Build.0 = Release|Any CPU
		{DD4452CC-CA5C-4D88-8008-36FCB5259D30}.Release|iPhoneSimulator.ActiveCfg = Release|Any CPU
		{DD4452CC-CA5C-4D88-8008-36FCB5259D30}.Release|iPhoneSimulator.Build.0 = Release|Any CPU
		{DD4452CC-CA5C-4D88-8008-36FCB5259D30}.Release|x64.ActiveCfg = Release|Any CPU
		{DD4452CC-CA5C-4D88-8008-36FCB5259D30}.Release|x64.Build.0 = Release|Any CPU
		{DD4452CC-CA5C-4D88-8008-36FCB5259D30}.Release|x86.ActiveCfg = Release|Any CPU
		{DD4452CC-CA5C-4D88-8008-36FCB5259D30}.Release|x86.Build.0 = Release|Any CPU
		{85672C39-8846-4346-9A00-7F1EA6DDD86E}.Debug|Any CPU.ActiveCfg = Debug|Any CPU
		{85672C39-8846-4346-9A00-7F1EA6DDD86E}.Debug|Any CPU.Build.0 = Debug|Any CPU
		{85672C39-8846-4346-9A00-7F1EA6DDD86E}.Debug|ARM.ActiveCfg = Debug|Any CPU
		{85672C39-8846-4346-9A00-7F1EA6DDD86E}.Debug|ARM.Build.0 = Debug|Any CPU
		{85672C39-8846-4346-9A00-7F1EA6DDD86E}.Debug|iPhone.ActiveCfg = Debug|Any CPU
		{85672C39-8846-4346-9A00-7F1EA6DDD86E}.Debug|iPhone.Build.0 = Debug|Any CPU
		{85672C39-8846-4346-9A00-7F1EA6DDD86E}.Debug|iPhoneSimulator.ActiveCfg = Debug|Any CPU
		{85672C39-8846-4346-9A00-7F1EA6DDD86E}.Debug|iPhoneSimulator.Build.0 = Debug|Any CPU
		{85672C39-8846-4346-9A00-7F1EA6DDD86E}.Debug|x64.ActiveCfg = Debug|Any CPU
		{85672C39-8846-4346-9A00-7F1EA6DDD86E}.Debug|x64.Build.0 = Debug|Any CPU
		{85672C39-8846-4346-9A00-7F1EA6DDD86E}.Debug|x86.ActiveCfg = Debug|Any CPU
		{85672C39-8846-4346-9A00-7F1EA6DDD86E}.Debug|x86.Build.0 = Debug|Any CPU
		{85672C39-8846-4346-9A00-7F1EA6DDD86E}.Release|Any CPU.ActiveCfg = Release|Any CPU
		{85672C39-8846-4346-9A00-7F1EA6DDD86E}.Release|Any CPU.Build.0 = Release|Any CPU
		{85672C39-8846-4346-9A00-7F1EA6DDD86E}.Release|ARM.ActiveCfg = Release|Any CPU
		{85672C39-8846-4346-9A00-7F1EA6DDD86E}.Release|ARM.Build.0 = Release|Any CPU
		{85672C39-8846-4346-9A00-7F1EA6DDD86E}.Release|iPhone.ActiveCfg = Release|Any CPU
		{85672C39-8846-4346-9A00-7F1EA6DDD86E}.Release|iPhone.Build.0 = Release|Any CPU
		{85672C39-8846-4346-9A00-7F1EA6DDD86E}.Release|iPhoneSimulator.ActiveCfg = Release|Any CPU
		{85672C39-8846-4346-9A00-7F1EA6DDD86E}.Release|iPhoneSimulator.Build.0 = Release|Any CPU
		{85672C39-8846-4346-9A00-7F1EA6DDD86E}.Release|x64.ActiveCfg = Release|Any CPU
		{85672C39-8846-4346-9A00-7F1EA6DDD86E}.Release|x64.Build.0 = Release|Any CPU
		{85672C39-8846-4346-9A00-7F1EA6DDD86E}.Release|x86.ActiveCfg = Release|Any CPU
		{85672C39-8846-4346-9A00-7F1EA6DDD86E}.Release|x86.Build.0 = Release|Any CPU
		{F9165AD0-08E7-41EE-90A5-39EECA235CF6}.Debug|Any CPU.ActiveCfg = Debug|Any CPU
		{F9165AD0-08E7-41EE-90A5-39EECA235CF6}.Debug|Any CPU.Build.0 = Debug|Any CPU
		{F9165AD0-08E7-41EE-90A5-39EECA235CF6}.Debug|ARM.ActiveCfg = Debug|Any CPU
		{F9165AD0-08E7-41EE-90A5-39EECA235CF6}.Debug|ARM.Build.0 = Debug|Any CPU
		{F9165AD0-08E7-41EE-90A5-39EECA235CF6}.Debug|iPhone.ActiveCfg = Debug|Any CPU
		{F9165AD0-08E7-41EE-90A5-39EECA235CF6}.Debug|iPhone.Build.0 = Debug|Any CPU
		{F9165AD0-08E7-41EE-90A5-39EECA235CF6}.Debug|iPhoneSimulator.ActiveCfg = Debug|Any CPU
		{F9165AD0-08E7-41EE-90A5-39EECA235CF6}.Debug|iPhoneSimulator.Build.0 = Debug|Any CPU
		{F9165AD0-08E7-41EE-90A5-39EECA235CF6}.Debug|x64.ActiveCfg = Debug|Any CPU
		{F9165AD0-08E7-41EE-90A5-39EECA235CF6}.Debug|x64.Build.0 = Debug|Any CPU
		{F9165AD0-08E7-41EE-90A5-39EECA235CF6}.Debug|x86.ActiveCfg = Debug|Any CPU
		{F9165AD0-08E7-41EE-90A5-39EECA235CF6}.Debug|x86.Build.0 = Debug|Any CPU
		{F9165AD0-08E7-41EE-90A5-39EECA235CF6}.Release|Any CPU.ActiveCfg = Release|Any CPU
		{F9165AD0-08E7-41EE-90A5-39EECA235CF6}.Release|Any CPU.Build.0 = Release|Any CPU
		{F9165AD0-08E7-41EE-90A5-39EECA235CF6}.Release|ARM.ActiveCfg = Release|Any CPU
		{F9165AD0-08E7-41EE-90A5-39EECA235CF6}.Release|ARM.Build.0 = Release|Any CPU
		{F9165AD0-08E7-41EE-90A5-39EECA235CF6}.Release|iPhone.ActiveCfg = Release|Any CPU
		{F9165AD0-08E7-41EE-90A5-39EECA235CF6}.Release|iPhone.Build.0 = Release|Any CPU
		{F9165AD0-08E7-41EE-90A5-39EECA235CF6}.Release|iPhoneSimulator.ActiveCfg = Release|Any CPU
		{F9165AD0-08E7-41EE-90A5-39EECA235CF6}.Release|iPhoneSimulator.Build.0 = Release|Any CPU
		{F9165AD0-08E7-41EE-90A5-39EECA235CF6}.Release|x64.ActiveCfg = Release|Any CPU
		{F9165AD0-08E7-41EE-90A5-39EECA235CF6}.Release|x64.Build.0 = Release|Any CPU
		{F9165AD0-08E7-41EE-90A5-39EECA235CF6}.Release|x86.ActiveCfg = Release|Any CPU
		{F9165AD0-08E7-41EE-90A5-39EECA235CF6}.Release|x86.Build.0 = Release|Any CPU
	EndGlobalSection
	GlobalSection(SolutionProperties) = preSolution
		HideSolutionNode = FALSE
	EndGlobalSection
	GlobalSection(ExtensibilityGlobals) = postSolution
		SolutionGuid = {B1A927E4-E162-465D-9B37-3659AB824E8B}
	EndGlobalSection
EndGlobal
