
Microsoft Visual Studio Solution File, Format Version 12.00
# Visual Studio Version 16
VisualStudioVersion = 16.0.30517.126
MinimumVisualStudioVersion = 10.0.40219.1
Project("{FAE04EC0-301F-11D3-BF4B-00C04F79EFBC}") = "CRUD_Xamarin.UWP", "CRUD_Xamarin\CRUD_Xamarin.UWP\CRUD_Xamarin.UWP.csproj", "{BFA65A5E-A402-4F4A-B647-0E7FCE11376A}"
EndProject
Project("{FAE04EC0-301F-11D3-BF4B-00C04F79EFBC}") = "CRUD_Xamarin.Android", "CRUD_Xamarin\CRUD_Xamarin.Android\CRUD_Xamarin.Android.csproj", "{446E6BB4-16E4-48B2-BCF2-7EF16A9C2A21}"
EndProject
Project("{FAE04EC0-301F-11D3-BF4B-00C04F79EFBC}") = "CRUD_Xamarin.iOS", "CRUD_Xamarin\CRUD_Xamarin.iOS\CRUD_Xamarin.iOS.csproj", "{71A71F68-E764-44FB-89D2-F1FE2669BFAF}"
EndProject
Project("{FAE04EC0-301F-11D3-BF4B-00C04F79EFBC}") = "CRUD_Xamarin", "CRUD_Xamarin\CRUD_Xamarin\CRUD_Xamarin.csproj", "{CF9DB999-6084-4EF8-86A3-7D1B16731C72}"
EndProject
Project("{FAE04EC0-301F-11D3-BF4B-00C04F79EFBC}") = "CRUD_Xamarin_DAL", "CRUD_Xamarin_DAL\CRUD_Xamarin_DAL.csproj", "{FDD357C3-5CCE-48CA-9F05-6F25424FCCB4}"
EndProject
Project("{FAE04EC0-301F-11D3-BF4B-00C04F79EFBC}") = "CRUD_Xamarin_BL", "CRUD_Xamarin_BL\CRUD_Xamarin_BL.csproj", "{27D483C8-3C3A-478F-AEC9-95BC4F54AB0F}"
EndProject
Project("{FAE04EC0-301F-11D3-BF4B-00C04F79EFBC}") = "CRUD_Xamarin_Entities", "CRUD_Xamarin_Entities\CRUD_Xamarin_Entities.csproj", "{44FA4586-1197-4220-873E-7550D98F70B3}"
EndProject
Global
	GlobalSection(SolutionConfigurationPlatforms) = preSolution
		Debug|Any CPU = Debug|Any CPU
		Debug|ARM = Debug|ARM
		Debug|iPhone = Debug|iPhone
		Debug|iPhoneSimulator = Debug|iPhoneSimulator
		Debug|x64 = Debug|x64
		Debug|x86 = Debug|x86
		Release|Any CPU = Release|Any CPU
		Release|ARM = Release|ARM
		Release|iPhone = Release|iPhone
		Release|iPhoneSimulator = Release|iPhoneSimulator
		Release|x64 = Release|x64
		Release|x86 = Release|x86
	EndGlobalSection
	GlobalSection(ProjectConfigurationPlatforms) = postSolution
		{BFA65A5E-A402-4F4A-B647-0E7FCE11376A}.Debug|Any CPU.ActiveCfg = Debug|x86
		{BFA65A5E-A402-4F4A-B647-0E7FCE11376A}.Debug|Any CPU.Build.0 = Debug|x86
		{BFA65A5E-A402-4F4A-B647-0E7FCE11376A}.Debug|Any CPU.Deploy.0 = Debug|x86
		{BFA65A5E-A402-4F4A-B647-0E7FCE11376A}.Debug|ARM.ActiveCfg = Debug|ARM
		{BFA65A5E-A402-4F4A-B647-0E7FCE11376A}.Debug|ARM.Build.0 = Debug|ARM
		{BFA65A5E-A402-4F4A-B647-0E7FCE11376A}.Debug|ARM.Deploy.0 = Debug|ARM
		{BFA65A5E-A402-4F4A-B647-0E7FCE11376A}.Debug|iPhone.ActiveCfg = Debug|x86
		{BFA65A5E-A402-4F4A-B647-0E7FCE11376A}.Debug|iPhone.Build.0 = Debug|x86
		{BFA65A5E-A402-4F4A-B647-0E7FCE11376A}.Debug|iPhone.Deploy.0 = Debug|x86
		{BFA65A5E-A402-4F4A-B647-0E7FCE11376A}.Debug|iPhoneSimulator.ActiveCfg = Debug|x86
		{BFA65A5E-A402-4F4A-B647-0E7FCE11376A}.Debug|iPhoneSimulator.Build.0 = Debug|x86
		{BFA65A5E-A402-4F4A-B647-0E7FCE11376A}.Debug|iPhoneSimulator.Deploy.0 = Debug|x86
		{BFA65A5E-A402-4F4A-B647-0E7FCE11376A}.Debug|x64.ActiveCfg = Debug|x64
		{BFA65A5E-A402-4F4A-B647-0E7FCE11376A}.Debug|x64.Build.0 = Debug|x64
		{BFA65A5E-A402-4F4A-B647-0E7FCE11376A}.Debug|x64.Deploy.0 = Debug|x64
		{BFA65A5E-A402-4F4A-B647-0E7FCE11376A}.Debug|x86.ActiveCfg = Debug|x86
		{BFA65A5E-A402-4F4A-B647-0E7FCE11376A}.Debug|x86.Build.0 = Debug|x86
		{BFA65A5E-A402-4F4A-B647-0E7FCE11376A}.Debug|x86.Deploy.0 = Debug|x86
		{BFA65A5E-A402-4F4A-B647-0E7FCE11376A}.Release|Any CPU.ActiveCfg = Release|x86
		{BFA65A5E-A402-4F4A-B647-0E7FCE11376A}.Release|Any CPU.Build.0 = Release|x86
		{BFA65A5E-A402-4F4A-B647-0E7FCE11376A}.Release|Any CPU.Deploy.0 = Release|x86
		{BFA65A5E-A402-4F4A-B647-0E7FCE11376A}.Release|ARM.ActiveCfg = Release|ARM
		{BFA65A5E-A402-4F4A-B647-0E7FCE11376A}.Release|ARM.Build.0 = Release|ARM
		{BFA65A5E-A402-4F4A-B647-0E7FCE11376A}.Release|ARM.Deploy.0 = Release|ARM
		{BFA65A5E-A402-4F4A-B647-0E7FCE11376A}.Release|iPhone.ActiveCfg = Release|x86
		{BFA65A5E-A402-4F4A-B647-0E7FCE11376A}.Release|iPhone.Build.0 = Release|x86
		{BFA65A5E-A402-4F4A-B647-0E7FCE11376A}.Release|iPhone.Deploy.0 = Release|x86
		{BFA65A5E-A402-4F4A-B647-0E7FCE11376A}.Release|iPhoneSimulator.ActiveCfg = Release|x86
		{BFA65A5E-A402-4F4A-B647-0E7FCE11376A}.Release|iPhoneSimulator.Build.0 = Release|x86
		{BFA65A5E-A402-4F4A-B647-0E7FCE11376A}.Release|iPhoneSimulator.Deploy.0 = Release|x86
		{BFA65A5E-A402-4F4A-B647-0E7FCE11376A}.Release|x64.ActiveCfg = Release|x64
		{BFA65A5E-A402-4F4A-B647-0E7FCE11376A}.Release|x64.Build.0 = Release|x64
		{BFA65A5E-A402-4F4A-B647-0E7FCE11376A}.Release|x64.Deploy.0 = Release|x64
		{BFA65A5E-A402-4F4A-B647-0E7FCE11376A}.Release|x86.ActiveCfg = Release|x86
		{BFA65A5E-A402-4F4A-B647-0E7FCE11376A}.Release|x86.Build.0 = Release|x86
		{BFA65A5E-A402-4F4A-B647-0E7FCE11376A}.Release|x86.Deploy.0 = Release|x86
		{446E6BB4-16E4-48B2-BCF2-7EF16A9C2A21}.Debug|Any CPU.ActiveCfg = Debug|Any CPU
		{446E6BB4-16E4-48B2-BCF2-7EF16A9C2A21}.Debug|Any CPU.Build.0 = Debug|Any CPU
		{446E6BB4-16E4-48B2-BCF2-7EF16A9C2A21}.Debug|Any CPU.Deploy.0 = Debug|Any CPU
		{446E6BB4-16E4-48B2-BCF2-7EF16A9C2A21}.Debug|ARM.ActiveCfg = Debug|Any CPU
		{446E6BB4-16E4-48B2-BCF2-7EF16A9C2A21}.Debug|ARM.Build.0 = Debug|Any CPU
		{446E6BB4-16E4-48B2-BCF2-7EF16A9C2A21}.Debug|ARM.Deploy.0 = Debug|Any CPU
		{446E6BB4-16E4-48B2-BCF2-7EF16A9C2A21}.Debug|iPhone.ActiveCfg = Debug|Any CPU
		{446E6BB4-16E4-48B2-BCF2-7EF16A9C2A21}.Debug|iPhone.Build.0 = Debug|Any CPU
		{446E6BB4-16E4-48B2-BCF2-7EF16A9C2A21}.Debug|iPhone.Deploy.0 = Debug|Any CPU
		{446E6BB4-16E4-48B2-BCF2-7EF16A9C2A21}.Debug|iPhoneSimulator.ActiveCfg = Debug|Any CPU
		{446E6BB4-16E4-48B2-BCF2-7EF16A9C2A21}.Debug|iPhoneSimulator.Build.0 = Debug|Any CPU
		{446E6BB4-16E4-48B2-BCF2-7EF16A9C2A21}.Debug|iPhoneSimulator.Deploy.0 = Debug|Any CPU
		{446E6BB4-16E4-48B2-BCF2-7EF16A9C2A21}.Debug|x64.ActiveCfg = Debug|Any CPU
		{446E6BB4-16E4-48B2-BCF2-7EF16A9C2A21}.Debug|x64.Build.0 = Debug|Any CPU
		{446E6BB4-16E4-48B2-BCF2-7EF16A9C2A21}.Debug|x64.Deploy.0 = Debug|Any CPU
		{446E6BB4-16E4-48B2-BCF2-7EF16A9C2A21}.Debug|x86.ActiveCfg = Debug|Any CPU
		{446E6BB4-16E4-48B2-BCF2-7EF16A9C2A21}.Debug|x86.Build.0 = Debug|Any CPU
		{446E6BB4-16E4-48B2-BCF2-7EF16A9C2A21}.Debug|x86.Deploy.0 = Debug|Any CPU
		{446E6BB4-16E4-48B2-BCF2-7EF16A9C2A21}.Release|Any CPU.ActiveCfg = Release|Any CPU
		{446E6BB4-16E4-48B2-BCF2-7EF16A9C2A21}.Release|Any CPU.Build.0 = Release|Any CPU
		{446E6BB4-16E4-48B2-BCF2-7EF16A9C2A21}.Release|Any CPU.Deploy.0 = Release|Any CPU
		{446E6BB4-16E4-48B2-BCF2-7EF16A9C2A21}.Release|ARM.ActiveCfg = Release|Any CPU
		{446E6BB4-16E4-48B2-BCF2-7EF16A9C2A21}.Release|ARM.Build.0 = Release|Any CPU
		{446E6BB4-16E4-48B2-BCF2-7EF16A9C2A21}.Release|ARM.Deploy.0 = Release|Any CPU
		{446E6BB4-16E4-48B2-BCF2-7EF16A9C2A21}.Release|iPhone.ActiveCfg = Release|Any CPU
		{446E6BB4-16E4-48B2-BCF2-7EF16A9C2A21}.Release|iPhone.Build.0 = Release|Any CPU
		{446E6BB4-16E4-48B2-BCF2-7EF16A9C2A21}.Release|iPhone.Deploy.0 = Release|Any CPU
		{446E6BB4-16E4-48B2-BCF2-7EF16A9C2A21}.Release|iPhoneSimulator.ActiveCfg = Release|Any CPU
		{446E6BB4-16E4-48B2-BCF2-7EF16A9C2A21}.Release|iPhoneSimulator.Build.0 = Release|Any CPU
		{446E6BB4-16E4-48B2-BCF2-7EF16A9C2A21}.Release|iPhoneSimulator.Deploy.0 = Release|Any CPU
		{446E6BB4-16E4-48B2-BCF2-7EF16A9C2A21}.Release|x64.ActiveCfg = Release|Any CPU
		{446E6BB4-16E4-48B2-BCF2-7EF16A9C2A21}.Release|x64.Build.0 = Release|Any CPU
		{446E6BB4-16E4-48B2-BCF2-7EF16A9C2A21}.Release|x64.Deploy.0 = Release|Any CPU
		{446E6BB4-16E4-48B2-BCF2-7EF16A9C2A21}.Release|x86.ActiveCfg = Release|Any CPU
		{446E6BB4-16E4-48B2-BCF2-7EF16A9C2A21}.Release|x86.Build.0 = Release|Any CPU
		{446E6BB4-16E4-48B2-BCF2-7EF16A9C2A21}.Release|x86.Deploy.0 = Release|Any CPU
		{71A71F68-E764-44FB-89D2-F1FE2669BFAF}.Debug|Any CPU.ActiveCfg = Debug|iPhoneSimulator
		{71A71F68-E764-44FB-89D2-F1FE2669BFAF}.Debug|Any CPU.Build.0 = Debug|iPhoneSimulator
		{71A71F68-E764-44FB-89D2-F1FE2669BFAF}.Debug|Any CPU.Deploy.0 = Debug|iPhoneSimulator
		{71A71F68-E764-44FB-89D2-F1FE2669BFAF}.Debug|ARM.ActiveCfg = Debug|iPhone
		{71A71F68-E764-44FB-89D2-F1FE2669BFAF}.Debug|ARM.Build.0 = Debug|iPhone
		{71A71F68-E764-44FB-89D2-F1FE2669BFAF}.Debug|ARM.Deploy.0 = Debug|iPhone
		{71A71F68-E764-44FB-89D2-F1FE2669BFAF}.Debug|iPhone.ActiveCfg = Debug|iPhone
		{71A71F68-E764-44FB-89D2-F1FE2669BFAF}.Debug|iPhone.Build.0 = Debug|iPhone
		{71A71F68-E764-44FB-89D2-F1FE2669BFAF}.Debug|iPhone.Deploy.0 = Debug|iPhone
		{71A71F68-E764-44FB-89D2-F1FE2669BFAF}.Debug|iPhoneSimulator.ActiveCfg = Debug|iPhoneSimulator
		{71A71F68-E764-44FB-89D2-F1FE2669BFAF}.Debug|iPhoneSimulator.Build.0 = Debug|iPhoneSimulator
		{71A71F68-E764-44FB-89D2-F1FE2669BFAF}.Debug|iPhoneSimulator.Deploy.0 = Debug|iPhoneSimulator
		{71A71F68-E764-44FB-89D2-F1FE2669BFAF}.Debug|x64.ActiveCfg = Debug|iPhoneSimulator
		{71A71F68-E764-44FB-89D2-F1FE2669BFAF}.Debug|x64.Build.0 = Debug|iPhoneSimulator
		{71A71F68-E764-44FB-89D2-F1FE2669BFAF}.Debug|x64.Deploy.0 = Debug|iPhoneSimulator
		{71A71F68-E764-44FB-89D2-F1FE2669BFAF}.Debug|x86.ActiveCfg = Debug|iPhoneSimulator
		{71A71F68-E764-44FB-89D2-F1FE2669BFAF}.Debug|x86.Build.0 = Debug|iPhoneSimulator
		{71A71F68-E764-44FB-89D2-F1FE2669BFAF}.Debug|x86.Deploy.0 = Debug|iPhoneSimulator
		{71A71F68-E764-44FB-89D2-F1FE2669BFAF}.Release|Any CPU.ActiveCfg = Release|iPhoneSimulator
		{71A71F68-E764-44FB-89D2-F1FE2669BFAF}.Release|Any CPU.Build.0 = Release|iPhoneSimulator
		{71A71F68-E764-44FB-89D2-F1FE2669BFAF}.Release|Any CPU.Deploy.0 = Release|iPhoneSimulator
		{71A71F68-E764-44FB-89D2-F1FE2669BFAF}.Release|ARM.ActiveCfg = Release|iPhoneSimulator
		{71A71F68-E764-44FB-89D2-F1FE2669BFAF}.Release|ARM.Build.0 = Release|iPhoneSimulator
		{71A71F68-E764-44FB-89D2-F1FE2669BFAF}.Release|ARM.Deploy.0 = Release|iPhoneSimulator
		{71A71F68-E764-44FB-89D2-F1FE2669BFAF}.Release|iPhone.ActiveCfg = Release|iPhone
		{71A71F68-E764-44FB-89D2-F1FE2669BFAF}.Release|iPhone.Build.0 = Release|iPhone
		{71A71F68-E764-44FB-89D2-F1FE2669BFAF}.Release|iPhone.Deploy.0 = Release|iPhone
		{71A71F68-E764-44FB-89D2-F1FE2669BFAF}.Release|iPhoneSimulator.ActiveCfg = Release|iPhoneSimulator
		{71A71F68-E764-44FB-89D2-F1FE2669BFAF}.Release|iPhoneSimulator.Build.0 = Release|iPhoneSimulator
		{71A71F68-E764-44FB-89D2-F1FE2669BFAF}.Release|iPhoneSimulator.Deploy.0 = Release|iPhoneSimulator
		{71A71F68-E764-44FB-89D2-F1FE2669BFAF}.Release|x64.ActiveCfg = Release|iPhoneSimulator
		{71A71F68-E764-44FB-89D2-F1FE2669BFAF}.Release|x64.Build.0 = Release|iPhoneSimulator
		{71A71F68-E764-44FB-89D2-F1FE2669BFAF}.Release|x64.Deploy.0 = Release|iPhoneSimulator
		{71A71F68-E764-44FB-89D2-F1FE2669BFAF}.Release|x86.ActiveCfg = Release|iPhoneSimulator
		{71A71F68-E764-44FB-89D2-F1FE2669BFAF}.Release|x86.Build.0 = Release|iPhoneSimulator
		{71A71F68-E764-44FB-89D2-F1FE2669BFAF}.Release|x86.Deploy.0 = Release|iPhoneSimulator
		{CF9DB999-6084-4EF8-86A3-7D1B16731C72}.Debug|Any CPU.ActiveCfg = Debug|Any CPU
		{CF9DB999-6084-4EF8-86A3-7D1B16731C72}.Debug|Any CPU.Build.0 = Debug|Any CPU
		{CF9DB999-6084-4EF8-86A3-7D1B16731C72}.Debug|Any CPU.Deploy.0 = Debug|Any CPU
		{CF9DB999-6084-4EF8-86A3-7D1B16731C72}.Debug|ARM.ActiveCfg = Debug|Any CPU
		{CF9DB999-6084-4EF8-86A3-7D1B16731C72}.Debug|ARM.Build.0 = Debug|Any CPU
		{CF9DB999-6084-4EF8-86A3-7D1B16731C72}.Debug|ARM.Deploy.0 = Debug|Any CPU
		{CF9DB999-6084-4EF8-86A3-7D1B16731C72}.Debug|iPhone.ActiveCfg = Debug|Any CPU
		{CF9DB999-6084-4EF8-86A3-7D1B16731C72}.Debug|iPhone.Build.0 = Debug|Any CPU
		{CF9DB999-6084-4EF8-86A3-7D1B16731C72}.Debug|iPhone.Deploy.0 = Debug|Any CPU
		{CF9DB999-6084-4EF8-86A3-7D1B16731C72}.Debug|iPhoneSimulator.ActiveCfg = Debug|Any CPU
		{CF9DB999-6084-4EF8-86A3-7D1B16731C72}.Debug|iPhoneSimulator.Build.0 = Debug|Any CPU
		{CF9DB999-6084-4EF8-86A3-7D1B16731C72}.Debug|iPhoneSimulator.Deploy.0 = Debug|Any CPU
		{CF9DB999-6084-4EF8-86A3-7D1B16731C72}.Debug|x64.ActiveCfg = Debug|Any CPU
		{CF9DB999-6084-4EF8-86A3-7D1B16731C72}.Debug|x64.Build.0 = Debug|Any CPU
		{CF9DB999-6084-4EF8-86A3-7D1B16731C72}.Debug|x64.Deploy.0 = Debug|Any CPU
		{CF9DB999-6084-4EF8-86A3-7D1B16731C72}.Debug|x86.ActiveCfg = Debug|Any CPU
		{CF9DB999-6084-4EF8-86A3-7D1B16731C72}.Debug|x86.Build.0 = Debug|Any CPU
		{CF9DB999-6084-4EF8-86A3-7D1B16731C72}.Debug|x86.Deploy.0 = Debug|Any CPU
		{CF9DB999-6084-4EF8-86A3-7D1B16731C72}.Release|Any CPU.ActiveCfg = Release|Any CPU
		{CF9DB999-6084-4EF8-86A3-7D1B16731C72}.Release|Any CPU.Build.0 = Release|Any CPU
		{CF9DB999-6084-4EF8-86A3-7D1B16731C72}.Release|Any CPU.Deploy.0 = Release|Any CPU
		{CF9DB999-6084-4EF8-86A3-7D1B16731C72}.Release|ARM.ActiveCfg = Release|Any CPU
		{CF9DB999-6084-4EF8-86A3-7D1B16731C72}.Release|ARM.Build.0 = Release|Any CPU
		{CF9DB999-6084-4EF8-86A3-7D1B16731C72}.Release|ARM.Deploy.0 = Release|Any CPU
		{CF9DB999-6084-4EF8-86A3-7D1B16731C72}.Release|iPhone.ActiveCfg = Release|Any CPU
		{CF9DB999-6084-4EF8-86A3-7D1B16731C72}.Release|iPhone.Build.0 = Release|Any CPU
		{CF9DB999-6084-4EF8-86A3-7D1B16731C72}.Release|iPhone.Deploy.0 = Release|Any CPU
		{CF9DB999-6084-4EF8-86A3-7D1B16731C72}.Release|iPhoneSimulator.ActiveCfg = Release|Any CPU
		{CF9DB999-6084-4EF8-86A3-7D1B16731C72}.Release|iPhoneSimulator.Build.0 = Release|Any CPU
		{CF9DB999-6084-4EF8-86A3-7D1B16731C72}.Release|iPhoneSimulator.Deploy.0 = Release|Any CPU
		{CF9DB999-6084-4EF8-86A3-7D1B16731C72}.Release|x64.ActiveCfg = Release|Any CPU
		{CF9DB999-6084-4EF8-86A3-7D1B16731C72}.Release|x64.Build.0 = Release|Any CPU
		{CF9DB999-6084-4EF8-86A3-7D1B16731C72}.Release|x64.Deploy.0 = Release|Any CPU
		{CF9DB999-6084-4EF8-86A3-7D1B16731C72}.Release|x86.ActiveCfg = Release|Any CPU
		{CF9DB999-6084-4EF8-86A3-7D1B16731C72}.Release|x86.Build.0 = Release|Any CPU
		{CF9DB999-6084-4EF8-86A3-7D1B16731C72}.Release|x86.Deploy.0 = Release|Any CPU
		{FDD357C3-5CCE-48CA-9F05-6F25424FCCB4}.Debug|Any CPU.ActiveCfg = Debug|Any CPU
		{FDD357C3-5CCE-48CA-9F05-6F25424FCCB4}.Debug|Any CPU.Build.0 = Debug|Any CPU
		{FDD357C3-5CCE-48CA-9F05-6F25424FCCB4}.Debug|ARM.ActiveCfg = Debug|Any CPU
		{FDD357C3-5CCE-48CA-9F05-6F25424FCCB4}.Debug|ARM.Build.0 = Debug|Any CPU
		{FDD357C3-5CCE-48CA-9F05-6F25424FCCB4}.Debug|iPhone.ActiveCfg = Debug|Any CPU
		{FDD357C3-5CCE-48CA-9F05-6F25424FCCB4}.Debug|iPhone.Build.0 = Debug|Any CPU
		{FDD357C3-5CCE-48CA-9F05-6F25424FCCB4}.Debug|iPhoneSimulator.ActiveCfg = Debug|Any CPU
		{FDD357C3-5CCE-48CA-9F05-6F25424FCCB4}.Debug|iPhoneSimulator.Build.0 = Debug|Any CPU
		{FDD357C3-5CCE-48CA-9F05-6F25424FCCB4}.Debug|x64.ActiveCfg = Debug|Any CPU
		{FDD357C3-5CCE-48CA-9F05-6F25424FCCB4}.Debug|x64.Build.0 = Debug|Any CPU
		{FDD357C3-5CCE-48CA-9F05-6F25424FCCB4}.Debug|x86.ActiveCfg = Debug|Any CPU
		{FDD357C3-5CCE-48CA-9F05-6F25424FCCB4}.Debug|x86.Build.0 = Debug|Any CPU
		{FDD357C3-5CCE-48CA-9F05-6F25424FCCB4}.Release|Any CPU.ActiveCfg = Release|Any CPU
		{FDD357C3-5CCE-48CA-9F05-6F25424FCCB4}.Release|Any CPU.Build.0 = Release|Any CPU
		{FDD357C3-5CCE-48CA-9F05-6F25424FCCB4}.Release|ARM.ActiveCfg = Release|Any CPU
		{FDD357C3-5CCE-48CA-9F05-6F25424FCCB4}.Release|ARM.Build.0 = Release|Any CPU
		{FDD357C3-5CCE-48CA-9F05-6F25424FCCB4}.Release|iPhone.ActiveCfg = Release|Any CPU
		{FDD357C3-5CCE-48CA-9F05-6F25424FCCB4}.Release|iPhone.Build.0 = Release|Any CPU
		{FDD357C3-5CCE-48CA-9F05-6F25424FCCB4}.Release|iPhoneSimulator.ActiveCfg = Release|Any CPU
		{FDD357C3-5CCE-48CA-9F05-6F25424FCCB4}.Release|iPhoneSimulator.Build.0 = Release|Any CPU
		{FDD357C3-5CCE-48CA-9F05-6F25424FCCB4}.Release|x64.ActiveCfg = Release|Any CPU
		{FDD357C3-5CCE-48CA-9F05-6F25424FCCB4}.Release|x64.Build.0 = Release|Any CPU
		{FDD357C3-5CCE-48CA-9F05-6F25424FCCB4}.Release|x86.ActiveCfg = Release|Any CPU
		{FDD357C3-5CCE-48CA-9F05-6F25424FCCB4}.Release|x86.Build.0 = Release|Any CPU
		{27D483C8-3C3A-478F-AEC9-95BC4F54AB0F}.Debug|Any CPU.ActiveCfg = Debug|Any CPU
		{27D483C8-3C3A-478F-AEC9-95BC4F54AB0F}.Debug|Any CPU.Build.0 = Debug|Any CPU
		{27D483C8-3C3A-478F-AEC9-95BC4F54AB0F}.Debug|ARM.ActiveCfg = Debug|Any CPU
		{27D483C8-3C3A-478F-AEC9-95BC4F54AB0F}.Debug|ARM.Build.0 = Debug|Any CPU
		{27D483C8-3C3A-478F-AEC9-95BC4F54AB0F}.Debug|iPhone.ActiveCfg = Debug|Any CPU
		{27D483C8-3C3A-478F-AEC9-95BC4F54AB0F}.Debug|iPhone.Build.0 = Debug|Any CPU
		{27D483C8-3C3A-478F-AEC9-95BC4F54AB0F}.Debug|iPhoneSimulator.ActiveCfg = Debug|Any CPU
		{27D483C8-3C3A-478F-AEC9-95BC4F54AB0F}.Debug|iPhoneSimulator.Build.0 = Debug|Any CPU
		{27D483C8-3C3A-478F-AEC9-95BC4F54AB0F}.Debug|x64.ActiveCfg = Debug|Any CPU
		{27D483C8-3C3A-478F-AEC9-95BC4F54AB0F}.Debug|x64.Build.0 = Debug|Any CPU
		{27D483C8-3C3A-478F-AEC9-95BC4F54AB0F}.Debug|x86.ActiveCfg = Debug|Any CPU
		{27D483C8-3C3A-478F-AEC9-95BC4F54AB0F}.Debug|x86.Build.0 = Debug|Any CPU
		{27D483C8-3C3A-478F-AEC9-95BC4F54AB0F}.Release|Any CPU.ActiveCfg = Release|Any CPU
		{27D483C8-3C3A-478F-AEC9-95BC4F54AB0F}.Release|Any CPU.Build.0 = Release|Any CPU
		{27D483C8-3C3A-478F-AEC9-95BC4F54AB0F}.Release|ARM.ActiveCfg = Release|Any CPU
		{27D483C8-3C3A-478F-AEC9-95BC4F54AB0F}.Release|ARM.Build.0 = Release|Any CPU
		{27D483C8-3C3A-478F-AEC9-95BC4F54AB0F}.Release|iPhone.ActiveCfg = Release|Any CPU
		{27D483C8-3C3A-478F-AEC9-95BC4F54AB0F}.Release|iPhone.Build.0 = Release|Any CPU
		{27D483C8-3C3A-478F-AEC9-95BC4F54AB0F}.Release|iPhoneSimulator.ActiveCfg = Release|Any CPU
		{27D483C8-3C3A-478F-AEC9-95BC4F54AB0F}.Release|iPhoneSimulator.Build.0 = Release|Any CPU
		{27D483C8-3C3A-478F-AEC9-95BC4F54AB0F}.Release|x64.ActiveCfg = Release|Any CPU
		{27D483C8-3C3A-478F-AEC9-95BC4F54AB0F}.Release|x64.Build.0 = Release|Any CPU
		{27D483C8-3C3A-478F-AEC9-95BC4F54AB0F}.Release|x86.ActiveCfg = Release|Any CPU
		{27D483C8-3C3A-478F-AEC9-95BC4F54AB0F}.Release|x86.Build.0 = Release|Any CPU
		{44FA4586-1197-4220-873E-7550D98F70B3}.Debug|Any CPU.ActiveCfg = Debug|Any CPU
		{44FA4586-1197-4220-873E-7550D98F70B3}.Debug|Any CPU.Build.0 = Debug|Any CPU
		{44FA4586-1197-4220-873E-7550D98F70B3}.Debug|ARM.ActiveCfg = Debug|Any CPU
		{44FA4586-1197-4220-873E-7550D98F70B3}.Debug|ARM.Build.0 = Debug|Any CPU
		{44FA4586-1197-4220-873E-7550D98F70B3}.Debug|iPhone.ActiveCfg = Debug|Any CPU
		{44FA4586-1197-4220-873E-7550D98F70B3}.Debug|iPhone.Build.0 = Debug|Any CPU
		{44FA4586-1197-4220-873E-7550D98F70B3}.Debug|iPhoneSimulator.ActiveCfg = Debug|Any CPU
		{44FA4586-1197-4220-873E-7550D98F70B3}.Debug|iPhoneSimulator.Build.0 = Debug|Any CPU
		{44FA4586-1197-4220-873E-7550D98F70B3}.Debug|x64.ActiveCfg = Debug|Any CPU
		{44FA4586-1197-4220-873E-7550D98F70B3}.Debug|x64.Build.0 = Debug|Any CPU
		{44FA4586-1197-4220-873E-7550D98F70B3}.Debug|x86.ActiveCfg = Debug|Any CPU
		{44FA4586-1197-4220-873E-7550D98F70B3}.Debug|x86.Build.0 = Debug|Any CPU
		{44FA4586-1197-4220-873E-7550D98F70B3}.Release|Any CPU.ActiveCfg = Release|Any CPU
		{44FA4586-1197-4220-873E-7550D98F70B3}.Release|Any CPU.Build.0 = Release|Any CPU
		{44FA4586-1197-4220-873E-7550D98F70B3}.Release|ARM.ActiveCfg = Release|Any CPU
		{44FA4586-1197-4220-873E-7550D98F70B3}.Release|ARM.Build.0 = Release|Any CPU
		{44FA4586-1197-4220-873E-7550D98F70B3}.Release|iPhone.ActiveCfg = Release|Any CPU
		{44FA4586-1197-4220-873E-7550D98F70B3}.Release|iPhone.Build.0 = Release|Any CPU
		{44FA4586-1197-4220-873E-7550D98F70B3}.Release|iPhoneSimulator.ActiveCfg = Release|Any CPU
		{44FA4586-1197-4220-873E-7550D98F70B3}.Release|iPhoneSimulator.Build.0 = Release|Any CPU
		{44FA4586-1197-4220-873E-7550D98F70B3}.Release|x64.ActiveCfg = Release|Any CPU
		{44FA4586-1197-4220-873E-7550D98F70B3}.Release|x64.Build.0 = Release|Any CPU
		{44FA4586-1197-4220-873E-7550D98F70B3}.Release|x86.ActiveCfg = Release|Any CPU
		{44FA4586-1197-4220-873E-7550D98F70B3}.Release|x86.Build.0 = Release|Any CPU
	EndGlobalSection
	GlobalSection(SolutionProperties) = preSolution
		HideSolutionNode = FALSE
	EndGlobalSection
	GlobalSection(ExtensibilityGlobals) = postSolution
		SolutionGuid = {B1A927E4-E162-465D-9B37-3659AB824E8B}
	EndGlobalSection
EndGlobal
