
Microsoft Visual Studio Solution File, Format Version 12.00
# Visual Studio Version 16
VisualStudioVersion = 16.0.30907.101
MinimumVisualStudioVersion = 10.0.40219.1
Project("{FAE04EC0-301F-11D3-BF4B-00C04F79EFBC}") = "CRUD_Xamarin.UWP", "CRUD_Xamarin\CRUD_Xamarin.UWP\CRUD_Xamarin.UWP.csproj", "{9DFE0DD9-77FB-4027-8B99-7899C8DE16D3}"
EndProject
Project("{FAE04EC0-301F-11D3-BF4B-00C04F79EFBC}") = "CRUD_Xamarin.Android", "CRUD_Xamarin\CRUD_Xamarin.Android\CRUD_Xamarin.Android.csproj", "{7809625D-6F4B-4677-9A10-95F9EAE6A872}"
EndProject
Project("{FAE04EC0-301F-11D3-BF4B-00C04F79EFBC}") = "CRUD_Xamarin.iOS", "CRUD_Xamarin\CRUD_Xamarin.iOS\CRUD_Xamarin.iOS.csproj", "{BD50555E-77FA-4769-B10D-3BAD621ED2DD}"
EndProject
Project("{FAE04EC0-301F-11D3-BF4B-00C04F79EFBC}") = "CRUD_Xamarin", "CRUD_Xamarin\CRUD_Xamarin\CRUD_Xamarin.csproj", "{B68AA44D-22D3-4519-8A30-AFC85463B63D}"
EndProject
Global
	GlobalSection(SolutionConfigurationPlatforms) = preSolution
		Debug|Any CPU = Debug|Any CPU
		Debug|ARM = Debug|ARM
		Debug|iPhone = Debug|iPhone
		Debug|iPhoneSimulator = Debug|iPhoneSimulator
		Debug|x64 = Debug|x64
		Debug|x86 = Debug|x86
		Release|Any CPU = Release|Any CPU
		Release|ARM = Release|ARM
		Release|iPhone = Release|iPhone
		Release|iPhoneSimulator = Release|iPhoneSimulator
		Release|x64 = Release|x64
		Release|x86 = Release|x86
	EndGlobalSection
	GlobalSection(ProjectConfigurationPlatforms) = postSolution
		{9DFE0DD9-77FB-4027-8B99-7899C8DE16D3}.Debug|Any CPU.ActiveCfg = Debug|x86
		{9DFE0DD9-77FB-4027-8B99-7899C8DE16D3}.Debug|Any CPU.Build.0 = Debug|x86
		{9DFE0DD9-77FB-4027-8B99-7899C8DE16D3}.Debug|Any CPU.Deploy.0 = Debug|x86
		{9DFE0DD9-77FB-4027-8B99-7899C8DE16D3}.Debug|ARM.ActiveCfg = Debug|ARM
		{9DFE0DD9-77FB-4027-8B99-7899C8DE16D3}.Debug|ARM.Build.0 = Debug|ARM
		{9DFE0DD9-77FB-4027-8B99-7899C8DE16D3}.Debug|ARM.Deploy.0 = Debug|ARM
		{9DFE0DD9-77FB-4027-8B99-7899C8DE16D3}.Debug|iPhone.ActiveCfg = Debug|x86
		{9DFE0DD9-77FB-4027-8B99-7899C8DE16D3}.Debug|iPhone.Build.0 = Debug|x86
		{9DFE0DD9-77FB-4027-8B99-7899C8DE16D3}.Debug|iPhone.Deploy.0 = Debug|x86
		{9DFE0DD9-77FB-4027-8B99-7899C8DE16D3}.Debug|iPhoneSimulator.ActiveCfg = Debug|x86
		{9DFE0DD9-77FB-4027-8B99-7899C8DE16D3}.Debug|iPhoneSimulator.Build.0 = Debug|x86
		{9DFE0DD9-77FB-4027-8B99-7899C8DE16D3}.Debug|iPhoneSimulator.Deploy.0 = Debug|x86
		{9DFE0DD9-77FB-4027-8B99-7899C8DE16D3}.Debug|x64.ActiveCfg = Debug|x64
		{9DFE0DD9-77FB-4027-8B99-7899C8DE16D3}.Debug|x64.Build.0 = Debug|x64
		{9DFE0DD9-77FB-4027-8B99-7899C8DE16D3}.Debug|x64.Deploy.0 = Debug|x64
		{9DFE0DD9-77FB-4027-8B99-7899C8DE16D3}.Debug|x86.ActiveCfg = Debug|x86
		{9DFE0DD9-77FB-4027-8B99-7899C8DE16D3}.Debug|x86.Build.0 = Debug|x86
		{9DFE0DD9-77FB-4027-8B99-7899C8DE16D3}.Debug|x86.Deploy.0 = Debug|x86
		{9DFE0DD9-77FB-4027-8B99-7899C8DE16D3}.Release|Any CPU.ActiveCfg = Release|x86
		{9DFE0DD9-77FB-4027-8B99-7899C8DE16D3}.Release|Any CPU.Build.0 = Release|x86
		{9DFE0DD9-77FB-4027-8B99-7899C8DE16D3}.Release|Any CPU.Deploy.0 = Release|x86
		{9DFE0DD9-77FB-4027-8B99-7899C8DE16D3}.Release|ARM.ActiveCfg = Release|ARM
		{9DFE0DD9-77FB-4027-8B99-7899C8DE16D3}.Release|ARM.Build.0 = Release|ARM
		{9DFE0DD9-77FB-4027-8B99-7899C8DE16D3}.Release|ARM.Deploy.0 = Release|ARM
		{9DFE0DD9-77FB-4027-8B99-7899C8DE16D3}.Release|iPhone.ActiveCfg = Release|x86
		{9DFE0DD9-77FB-4027-8B99-7899C8DE16D3}.Release|iPhone.Build.0 = Release|x86
		{9DFE0DD9-77FB-4027-8B99-7899C8DE16D3}.Release|iPhone.Deploy.0 = Release|x86
		{9DFE0DD9-77FB-4027-8B99-7899C8DE16D3}.Release|iPhoneSimulator.ActiveCfg = Release|x86
		{9DFE0DD9-77FB-4027-8B99-7899C8DE16D3}.Release|iPhoneSimulator.Build.0 = Release|x86
		{9DFE0DD9-77FB-4027-8B99-7899C8DE16D3}.Release|iPhoneSimulator.Deploy.0 = Release|x86
		{9DFE0DD9-77FB-4027-8B99-7899C8DE16D3}.Release|x64.ActiveCfg = Release|x64
		{9DFE0DD9-77FB-4027-8B99-7899C8DE16D3}.Release|x64.Build.0 = Release|x64
		{9DFE0DD9-77FB-4027-8B99-7899C8DE16D3}.Release|x64.Deploy.0 = Release|x64
		{9DFE0DD9-77FB-4027-8B99-7899C8DE16D3}.Release|x86.ActiveCfg = Release|x86
		{9DFE0DD9-77FB-4027-8B99-7899C8DE16D3}.Release|x86.Build.0 = Release|x86
		{9DFE0DD9-77FB-4027-8B99-7899C8DE16D3}.Release|x86.Deploy.0 = Release|x86
		{7809625D-6F4B-4677-9A10-95F9EAE6A872}.Debug|Any CPU.ActiveCfg = Debug|Any CPU
		{7809625D-6F4B-4677-9A10-95F9EAE6A872}.Debug|Any CPU.Build.0 = Debug|Any CPU
		{7809625D-6F4B-4677-9A10-95F9EAE6A872}.Debug|Any CPU.Deploy.0 = Debug|Any CPU
		{7809625D-6F4B-4677-9A10-95F9EAE6A872}.Debug|ARM.ActiveCfg = Debug|Any CPU
		{7809625D-6F4B-4677-9A10-95F9EAE6A872}.Debug|ARM.Build.0 = Debug|Any CPU
		{7809625D-6F4B-4677-9A10-95F9EAE6A872}.Debug|ARM.Deploy.0 = Debug|Any CPU
		{7809625D-6F4B-4677-9A10-95F9EAE6A872}.Debug|iPhone.ActiveCfg = Debug|Any CPU
		{7809625D-6F4B-4677-9A10-95F9EAE6A872}.Debug|iPhone.Build.0 = Debug|Any CPU
		{7809625D-6F4B-4677-9A10-95F9EAE6A872}.Debug|iPhone.Deploy.0 = Debug|Any CPU
		{7809625D-6F4B-4677-9A10-95F9EAE6A872}.Debug|iPhoneSimulator.ActiveCfg = Debug|Any CPU
		{7809625D-6F4B-4677-9A10-95F9EAE6A872}.Debug|iPhoneSimulator.Build.0 = Debug|Any CPU
		{7809625D-6F4B-4677-9A10-95F9EAE6A872}.Debug|iPhoneSimulator.Deploy.0 = Debug|Any CPU
		{7809625D-6F4B-4677-9A10-95F9EAE6A872}.Debug|x64.ActiveCfg = Debug|Any CPU
		{7809625D-6F4B-4677-9A10-95F9EAE6A872}.Debug|x64.Build.0 = Debug|Any CPU
		{7809625D-6F4B-4677-9A10-95F9EAE6A872}.Debug|x64.Deploy.0 = Debug|Any CPU
		{7809625D-6F4B-4677-9A10-95F9EAE6A872}.Debug|x86.ActiveCfg = Debug|Any CPU
		{7809625D-6F4B-4677-9A10-95F9EAE6A872}.Debug|x86.Build.0 = Debug|Any CPU
		{7809625D-6F4B-4677-9A10-95F9EAE6A872}.Debug|x86.Deploy.0 = Debug|Any CPU
		{7809625D-6F4B-4677-9A10-95F9EAE6A872}.Release|Any CPU.ActiveCfg = Release|Any CPU
		{7809625D-6F4B-4677-9A10-95F9EAE6A872}.Release|Any CPU.Build.0 = Release|Any CPU
		{7809625D-6F4B-4677-9A10-95F9EAE6A872}.Release|Any CPU.Deploy.0 = Release|Any CPU
		{7809625D-6F4B-4677-9A10-95F9EAE6A872}.Release|ARM.ActiveCfg = Release|Any CPU
		{7809625D-6F4B-4677-9A10-95F9EAE6A872}.Release|ARM.Build.0 = Release|Any CPU
		{7809625D-6F4B-4677-9A10-95F9EAE6A872}.Release|ARM.Deploy.0 = Release|Any CPU
		{7809625D-6F4B-4677-9A10-95F9EAE6A872}.Release|iPhone.ActiveCfg = Release|Any CPU
		{7809625D-6F4B-4677-9A10-95F9EAE6A872}.Release|iPhone.Build.0 = Release|Any CPU
		{7809625D-6F4B-4677-9A10-95F9EAE6A872}.Release|iPhone.Deploy.0 = Release|Any CPU
		{7809625D-6F4B-4677-9A10-95F9EAE6A872}.Release|iPhoneSimulator.ActiveCfg = Release|Any CPU
		{7809625D-6F4B-4677-9A10-95F9EAE6A872}.Release|iPhoneSimulator.Build.0 = Release|Any CPU
		{7809625D-6F4B-4677-9A10-95F9EAE6A872}.Release|iPhoneSimulator.Deploy.0 = Release|Any CPU
		{7809625D-6F4B-4677-9A10-95F9EAE6A872}.Release|x64.ActiveCfg = Release|Any CPU
		{7809625D-6F4B-4677-9A10-95F9EAE6A872}.Release|x64.Build.0 = Release|Any CPU
		{7809625D-6F4B-4677-9A10-95F9EAE6A872}.Release|x64.Deploy.0 = Release|Any CPU
		{7809625D-6F4B-4677-9A10-95F9EAE6A872}.Release|x86.ActiveCfg = Release|Any CPU
		{7809625D-6F4B-4677-9A10-95F9EAE6A872}.Release|x86.Build.0 = Release|Any CPU
		{7809625D-6F4B-4677-9A10-95F9EAE6A872}.Release|x86.Deploy.0 = Release|Any CPU
		{BD50555E-77FA-4769-B10D-3BAD621ED2DD}.Debug|Any CPU.ActiveCfg = Debug|iPhoneSimulator
		{BD50555E-77FA-4769-B10D-3BAD621ED2DD}.Debug|Any CPU.Build.0 = Debug|iPhoneSimulator
		{BD50555E-77FA-4769-B10D-3BAD621ED2DD}.Debug|Any CPU.Deploy.0 = Debug|iPhoneSimulator
		{BD50555E-77FA-4769-B10D-3BAD621ED2DD}.Debug|ARM.ActiveCfg = Debug|iPhone
		{BD50555E-77FA-4769-B10D-3BAD621ED2DD}.Debug|ARM.Build.0 = Debug|iPhone
		{BD50555E-77FA-4769-B10D-3BAD621ED2DD}.Debug|ARM.Deploy.0 = Debug|iPhone
		{BD50555E-77FA-4769-B10D-3BAD621ED2DD}.Debug|iPhone.ActiveCfg = Debug|iPhone
		{BD50555E-77FA-4769-B10D-3BAD621ED2DD}.Debug|iPhone.Build.0 = Debug|iPhone
		{BD50555E-77FA-4769-B10D-3BAD621ED2DD}.Debug|iPhone.Deploy.0 = Debug|iPhone
		{BD50555E-77FA-4769-B10D-3BAD621ED2DD}.Debug|iPhoneSimulator.ActiveCfg = Debug|iPhoneSimulator
		{BD50555E-77FA-4769-B10D-3BAD621ED2DD}.Debug|iPhoneSimulator.Build.0 = Debug|iPhoneSimulator
		{BD50555E-77FA-4769-B10D-3BAD621ED2DD}.Debug|iPhoneSimulator.Deploy.0 = Debug|iPhoneSimulator
		{BD50555E-77FA-4769-B10D-3BAD621ED2DD}.Debug|x64.ActiveCfg = Debug|iPhoneSimulator
		{BD50555E-77FA-4769-B10D-3BAD621ED2DD}.Debug|x64.Build.0 = Debug|iPhoneSimulator
		{BD50555E-77FA-4769-B10D-3BAD621ED2DD}.Debug|x64.Deploy.0 = Debug|iPhoneSimulator
		{BD50555E-77FA-4769-B10D-3BAD621ED2DD}.Debug|x86.ActiveCfg = Debug|iPhoneSimulator
		{BD50555E-77FA-4769-B10D-3BAD621ED2DD}.Debug|x86.Build.0 = Debug|iPhoneSimulator
		{BD50555E-77FA-4769-B10D-3BAD621ED2DD}.Debug|x86.Deploy.0 = Debug|iPhoneSimulator
		{BD50555E-77FA-4769-B10D-3BAD621ED2DD}.Release|Any CPU.ActiveCfg = Release|iPhoneSimulator
		{BD50555E-77FA-4769-B10D-3BAD621ED2DD}.Release|Any CPU.Build.0 = Release|iPhoneSimulator
		{BD50555E-77FA-4769-B10D-3BAD621ED2DD}.Release|Any CPU.Deploy.0 = Release|iPhoneSimulator
		{BD50555E-77FA-4769-B10D-3BAD621ED2DD}.Release|ARM.ActiveCfg = Release|iPhoneSimulator
		{BD50555E-77FA-4769-B10D-3BAD621ED2DD}.Release|ARM.Build.0 = Release|iPhoneSimulator
		{BD50555E-77FA-4769-B10D-3BAD621ED2DD}.Release|ARM.Deploy.0 = Release|iPhoneSimulator
		{BD50555E-77FA-4769-B10D-3BAD621ED2DD}.Release|iPhone.ActiveCfg = Release|iPhone
		{BD50555E-77FA-4769-B10D-3BAD621ED2DD}.Release|iPhone.Build.0 = Release|iPhone
		{BD50555E-77FA-4769-B10D-3BAD621ED2DD}.Release|iPhone.Deploy.0 = Release|iPhone
		{BD50555E-77FA-4769-B10D-3BAD621ED2DD}.Release|iPhoneSimulator.ActiveCfg = Release|iPhoneSimulator
		{BD50555E-77FA-4769-B10D-3BAD621ED2DD}.Release|iPhoneSimulator.Build.0 = Release|iPhoneSimulator
		{BD50555E-77FA-4769-B10D-3BAD621ED2DD}.Release|iPhoneSimulator.Deploy.0 = Release|iPhoneSimulator
		{BD50555E-77FA-4769-B10D-3BAD621ED2DD}.Release|x64.ActiveCfg = Release|iPhoneSimulator
		{BD50555E-77FA-4769-B10D-3BAD621ED2DD}.Release|x64.Build.0 = Release|iPhoneSimulator
		{BD50555E-77FA-4769-B10D-3BAD621ED2DD}.Release|x64.Deploy.0 = Release|iPhoneSimulator
		{BD50555E-77FA-4769-B10D-3BAD621ED2DD}.Release|x86.ActiveCfg = Release|iPhoneSimulator
		{BD50555E-77FA-4769-B10D-3BAD621ED2DD}.Release|x86.Build.0 = Release|iPhoneSimulator
		{BD50555E-77FA-4769-B10D-3BAD621ED2DD}.Release|x86.Deploy.0 = Release|iPhoneSimulator
		{B68AA44D-22D3-4519-8A30-AFC85463B63D}.Debug|Any CPU.ActiveCfg = Debug|Any CPU
		{B68AA44D-22D3-4519-8A30-AFC85463B63D}.Debug|Any CPU.Build.0 = Debug|Any CPU
		{B68AA44D-22D3-4519-8A30-AFC85463B63D}.Debug|Any CPU.Deploy.0 = Debug|Any CPU
		{B68AA44D-22D3-4519-8A30-AFC85463B63D}.Debug|ARM.ActiveCfg = Debug|Any CPU
		{B68AA44D-22D3-4519-8A30-AFC85463B63D}.Debug|ARM.Build.0 = Debug|Any CPU
		{B68AA44D-22D3-4519-8A30-AFC85463B63D}.Debug|ARM.Deploy.0 = Debug|Any CPU
		{B68AA44D-22D3-4519-8A30-AFC85463B63D}.Debug|iPhone.ActiveCfg = Debug|Any CPU
		{B68AA44D-22D3-4519-8A30-AFC85463B63D}.Debug|iPhone.Build.0 = Debug|Any CPU
		{B68AA44D-22D3-4519-8A30-AFC85463B63D}.Debug|iPhone.Deploy.0 = Debug|Any CPU
		{B68AA44D-22D3-4519-8A30-AFC85463B63D}.Debug|iPhoneSimulator.ActiveCfg = Debug|Any CPU
		{B68AA44D-22D3-4519-8A30-AFC85463B63D}.Debug|iPhoneSimulator.Build.0 = Debug|Any CPU
		{B68AA44D-22D3-4519-8A30-AFC85463B63D}.Debug|iPhoneSimulator.Deploy.0 = Debug|Any CPU
		{B68AA44D-22D3-4519-8A30-AFC85463B63D}.Debug|x64.ActiveCfg = Debug|Any CPU
		{B68AA44D-22D3-4519-8A30-AFC85463B63D}.Debug|x64.Build.0 = Debug|Any CPU
		{B68AA44D-22D3-4519-8A30-AFC85463B63D}.Debug|x64.Deploy.0 = Debug|Any CPU
		{B68AA44D-22D3-4519-8A30-AFC85463B63D}.Debug|x86.ActiveCfg = Debug|Any CPU
		{B68AA44D-22D3-4519-8A30-AFC85463B63D}.Debug|x86.Build.0 = Debug|Any CPU
		{B68AA44D-22D3-4519-8A30-AFC85463B63D}.Debug|x86.Deploy.0 = Debug|Any CPU
		{B68AA44D-22D3-4519-8A30-AFC85463B63D}.Release|Any CPU.ActiveCfg = Release|Any CPU
		{B68AA44D-22D3-4519-8A30-AFC85463B63D}.Release|Any CPU.Build.0 = Release|Any CPU
		{B68AA44D-22D3-4519-8A30-AFC85463B63D}.Release|Any CPU.Deploy.0 = Release|Any CPU
		{B68AA44D-22D3-4519-8A30-AFC85463B63D}.Release|ARM.ActiveCfg = Release|Any CPU
		{B68AA44D-22D3-4519-8A30-AFC85463B63D}.Release|ARM.Build.0 = Release|Any CPU
		{B68AA44D-22D3-4519-8A30-AFC85463B63D}.Release|ARM.Deploy.0 = Release|Any CPU
		{B68AA44D-22D3-4519-8A30-AFC85463B63D}.Release|iPhone.ActiveCfg = Release|Any CPU
		{B68AA44D-22D3-4519-8A30-AFC85463B63D}.Release|iPhone.Build.0 = Release|Any CPU
		{B68AA44D-22D3-4519-8A30-AFC85463B63D}.Release|iPhone.Deploy.0 = Release|Any CPU
		{B68AA44D-22D3-4519-8A30-AFC85463B63D}.Release|iPhoneSimulator.ActiveCfg = Release|Any CPU
		{B68AA44D-22D3-4519-8A30-AFC85463B63D}.Release|iPhoneSimulator.Build.0 = Release|Any CPU
		{B68AA44D-22D3-4519-8A30-AFC85463B63D}.Release|iPhoneSimulator.Deploy.0 = Release|Any CPU
		{B68AA44D-22D3-4519-8A30-AFC85463B63D}.Release|x64.ActiveCfg = Release|Any CPU
		{B68AA44D-22D3-4519-8A30-AFC85463B63D}.Release|x64.Build.0 = Release|Any CPU
		{B68AA44D-22D3-4519-8A30-AFC85463B63D}.Release|x64.Deploy.0 = Release|Any CPU
		{B68AA44D-22D3-4519-8A30-AFC85463B63D}.Release|x86.ActiveCfg = Release|Any CPU
		{B68AA44D-22D3-4519-8A30-AFC85463B63D}.Release|x86.Build.0 = Release|Any CPU
		{B68AA44D-22D3-4519-8A30-AFC85463B63D}.Release|x86.Deploy.0 = Release|Any CPU
	EndGlobalSection
	GlobalSection(SolutionProperties) = preSolution
		HideSolutionNode = FALSE
	EndGlobalSection
	GlobalSection(ExtensibilityGlobals) = postSolution
		SolutionGuid = {1B323F29-3C69-4776-A05F-E426B7C3DDC9}
	EndGlobalSection
EndGlobal
