
Microsoft Visual Studio Solution File, Format Version 12.00
# Visual Studio Version 16
VisualStudioVersion = 16.0.30907.101
MinimumVisualStudioVersion = 10.0.40219.1
Project("{FAE04EC0-301F-11D3-BF4B-00C04F79EFBC}") = "FernandoGironDominguezDIN", "FernandoGironDominguezDIN\FernandoGironDominguezDIN.csproj", "{17EABEE8-2C02-4927-9AD1-46B98D903583}"
EndProject
Project("{FAE04EC0-301F-11D3-BF4B-00C04F79EFBC}") = "DAL", "DAL\DAL.csproj", "{F1407B9F-46C9-43D9-981C-EDEA3BAC88CC}"
EndProject
Project("{FAE04EC0-301F-11D3-BF4B-00C04F79EFBC}") = "BL", "BL\BL.csproj", "{E48ABAB3-8ED6-41B5-9F89-B264F2050A44}"
EndProject
Project("{FAE04EC0-301F-11D3-BF4B-00C04F79EFBC}") = "Entities", "Entities\Entities.csproj", "{6902851D-893E-452A-970A-74A6C456354A}"
EndProject
Global
	GlobalSection(SolutionConfigurationPlatforms) = preSolution
		Debug|Any CPU = Debug|Any CPU
		Debug|ARM = Debug|ARM
		Debug|ARM64 = Debug|ARM64
		Debug|x64 = Debug|x64
		Debug|x86 = Debug|x86
		Release|Any CPU = Release|Any CPU
		Release|ARM = Release|ARM
		Release|ARM64 = Release|ARM64
		Release|x64 = Release|x64
		Release|x86 = Release|x86
	EndGlobalSection
	GlobalSection(ProjectConfigurationPlatforms) = postSolution
		{17EABEE8-2C02-4927-9AD1-46B98D903583}.Debug|Any CPU.ActiveCfg = Debug|x86
		{17EABEE8-2C02-4927-9AD1-46B98D903583}.Debug|ARM.ActiveCfg = Debug|ARM
		{17EABEE8-2C02-4927-9AD1-46B98D903583}.Debug|ARM.Build.0 = Debug|ARM
		{17EABEE8-2C02-4927-9AD1-46B98D903583}.Debug|ARM.Deploy.0 = Debug|ARM
		{17EABEE8-2C02-4927-9AD1-46B98D903583}.Debug|ARM64.ActiveCfg = Debug|ARM64
		{17EABEE8-2C02-4927-9AD1-46B98D903583}.Debug|ARM64.Build.0 = Debug|ARM64
		{17EABEE8-2C02-4927-9AD1-46B98D903583}.Debug|ARM64.Deploy.0 = Debug|ARM64
		{17EABEE8-2C02-4927-9AD1-46B98D903583}.Debug|x64.ActiveCfg = Debug|x64
		{17EABEE8-2C02-4927-9AD1-46B98D903583}.Debug|x64.Build.0 = Debug|x64
		{17EABEE8-2C02-4927-9AD1-46B98D903583}.Debug|x64.Deploy.0 = Debug|x64
		{17EABEE8-2C02-4927-9AD1-46B98D903583}.Debug|x86.ActiveCfg = Debug|x86
		{17EABEE8-2C02-4927-9AD1-46B98D903583}.Debug|x86.Build.0 = Debug|x86
		{17EABEE8-2C02-4927-9AD1-46B98D903583}.Debug|x86.Deploy.0 = Debug|x86
		{17EABEE8-2C02-4927-9AD1-46B98D903583}.Release|Any CPU.ActiveCfg = Release|x86
		{17EABEE8-2C02-4927-9AD1-46B98D903583}.Release|ARM.ActiveCfg = Release|ARM
		{17EABEE8-2C02-4927-9AD1-46B98D903583}.Release|ARM.Build.0 = Release|ARM
		{17EABEE8-2C02-4927-9AD1-46B98D903583}.Release|ARM.Deploy.0 = Release|ARM
		{17EABEE8-2C02-4927-9AD1-46B98D903583}.Release|ARM64.ActiveCfg = Release|ARM64
		{17EABEE8-2C02-4927-9AD1-46B98D903583}.Release|ARM64.Build.0 = Release|ARM64
		{17EABEE8-2C02-4927-9AD1-46B98D903583}.Release|ARM64.Deploy.0 = Release|ARM64
		{17EABEE8-2C02-4927-9AD1-46B98D903583}.Release|x64.ActiveCfg = Release|x64
		{17EABEE8-2C02-4927-9AD1-46B98D903583}.Release|x64.Build.0 = Release|x64
		{17EABEE8-2C02-4927-9AD1-46B98D903583}.Release|x64.Deploy.0 = Release|x64
		{17EABEE8-2C02-4927-9AD1-46B98D903583}.Release|x86.ActiveCfg = Release|x86
		{17EABEE8-2C02-4927-9AD1-46B98D903583}.Release|x86.Build.0 = Release|x86
		{17EABEE8-2C02-4927-9AD1-46B98D903583}.Release|x86.Deploy.0 = Release|x86
		{F1407B9F-46C9-43D9-981C-EDEA3BAC88CC}.Debug|Any CPU.ActiveCfg = Debug|Any CPU
		{F1407B9F-46C9-43D9-981C-EDEA3BAC88CC}.Debug|Any CPU.Build.0 = Debug|Any CPU
		{F1407B9F-46C9-43D9-981C-EDEA3BAC88CC}.Debug|ARM.ActiveCfg = Debug|ARM
		{F1407B9F-46C9-43D9-981C-EDEA3BAC88CC}.Debug|ARM.Build.0 = Debug|ARM
		{F1407B9F-46C9-43D9-981C-EDEA3BAC88CC}.Debug|ARM64.ActiveCfg = Debug|ARM64
		{F1407B9F-46C9-43D9-981C-EDEA3BAC88CC}.Debug|ARM64.Build.0 = Debug|ARM64
		{F1407B9F-46C9-43D9-981C-EDEA3BAC88CC}.Debug|x64.ActiveCfg = Debug|x64
		{F1407B9F-46C9-43D9-981C-EDEA3BAC88CC}.Debug|x64.Build.0 = Debug|x64
		{F1407B9F-46C9-43D9-981C-EDEA3BAC88CC}.Debug|x86.ActiveCfg = Debug|x86
		{F1407B9F-46C9-43D9-981C-EDEA3BAC88CC}.Debug|x86.Build.0 = Debug|x86
		{F1407B9F-46C9-43D9-981C-EDEA3BAC88CC}.Release|Any CPU.ActiveCfg = Release|Any CPU
		{F1407B9F-46C9-43D9-981C-EDEA3BAC88CC}.Release|Any CPU.Build.0 = Release|Any CPU
		{F1407B9F-46C9-43D9-981C-EDEA3BAC88CC}.Release|ARM.ActiveCfg = Release|ARM
		{F1407B9F-46C9-43D9-981C-EDEA3BAC88CC}.Release|ARM.Build.0 = Release|ARM
		{F1407B9F-46C9-43D9-981C-EDEA3BAC88CC}.Release|ARM64.ActiveCfg = Release|ARM64
		{F1407B9F-46C9-43D9-981C-EDEA3BAC88CC}.Release|ARM64.Build.0 = Release|ARM64
		{F1407B9F-46C9-43D9-981C-EDEA3BAC88CC}.Release|x64.ActiveCfg = Release|x64
		{F1407B9F-46C9-43D9-981C-EDEA3BAC88CC}.Release|x64.Build.0 = Release|x64
		{F1407B9F-46C9-43D9-981C-EDEA3BAC88CC}.Release|x86.ActiveCfg = Release|x86
		{F1407B9F-46C9-43D9-981C-EDEA3BAC88CC}.Release|x86.Build.0 = Release|x86
		{E48ABAB3-8ED6-41B5-9F89-B264F2050A44}.Debug|Any CPU.ActiveCfg = Debug|Any CPU
		{E48ABAB3-8ED6-41B5-9F89-B264F2050A44}.Debug|Any CPU.Build.0 = Debug|Any CPU
		{E48ABAB3-8ED6-41B5-9F89-B264F2050A44}.Debug|ARM.ActiveCfg = Debug|ARM
		{E48ABAB3-8ED6-41B5-9F89-B264F2050A44}.Debug|ARM.Build.0 = Debug|ARM
		{E48ABAB3-8ED6-41B5-9F89-B264F2050A44}.Debug|ARM64.ActiveCfg = Debug|ARM64
		{E48ABAB3-8ED6-41B5-9F89-B264F2050A44}.Debug|ARM64.Build.0 = Debug|ARM64
		{E48ABAB3-8ED6-41B5-9F89-B264F2050A44}.Debug|x64.ActiveCfg = Debug|x64
		{E48ABAB3-8ED6-41B5-9F89-B264F2050A44}.Debug|x64.Build.0 = Debug|x64
		{E48ABAB3-8ED6-41B5-9F89-B264F2050A44}.Debug|x86.ActiveCfg = Debug|x86
		{E48ABAB3-8ED6-41B5-9F89-B264F2050A44}.Debug|x86.Build.0 = Debug|x86
		{E48ABAB3-8ED6-41B5-9F89-B264F2050A44}.Release|Any CPU.ActiveCfg = Release|Any CPU
		{E48ABAB3-8ED6-41B5-9F89-B264F2050A44}.Release|Any CPU.Build.0 = Release|Any CPU
		{E48ABAB3-8ED6-41B5-9F89-B264F2050A44}.Release|ARM.ActiveCfg = Release|ARM
		{E48ABAB3-8ED6-41B5-9F89-B264F2050A44}.Release|ARM.Build.0 = Release|ARM
		{E48ABAB3-8ED6-41B5-9F89-B264F2050A44}.Release|ARM64.ActiveCfg = Release|ARM64
		{E48ABAB3-8ED6-41B5-9F89-B264F2050A44}.Release|ARM64.Build.0 = Release|ARM64
		{E48ABAB3-8ED6-41B5-9F89-B264F2050A44}.Release|x64.ActiveCfg = Release|x64
		{E48ABAB3-8ED6-41B5-9F89-B264F2050A44}.Release|x64.Build.0 = Release|x64
		{E48ABAB3-8ED6-41B5-9F89-B264F2050A44}.Release|x86.ActiveCfg = Release|x86
		{E48ABAB3-8ED6-41B5-9F89-B264F2050A44}.Release|x86.Build.0 = Release|x86
		{6902851D-893E-452A-970A-74A6C456354A}.Debug|Any CPU.ActiveCfg = Debug|Any CPU
		{6902851D-893E-452A-970A-74A6C456354A}.Debug|Any CPU.Build.0 = Debug|Any CPU
		{6902851D-893E-452A-970A-74A6C456354A}.Debug|ARM.ActiveCfg = Debug|ARM
		{6902851D-893E-452A-970A-74A6C456354A}.Debug|ARM.Build.0 = Debug|ARM
		{6902851D-893E-452A-970A-74A6C456354A}.Debug|ARM64.ActiveCfg = Debug|ARM64
		{6902851D-893E-452A-970A-74A6C456354A}.Debug|ARM64.Build.0 = Debug|ARM64
		{6902851D-893E-452A-970A-74A6C456354A}.Debug|x64.ActiveCfg = Debug|x64
		{6902851D-893E-452A-970A-74A6C456354A}.Debug|x64.Build.0 = Debug|x64
		{6902851D-893E-452A-970A-74A6C456354A}.Debug|x86.ActiveCfg = Debug|x86
		{6902851D-893E-452A-970A-74A6C456354A}.Debug|x86.Build.0 = Debug|x86
		{6902851D-893E-452A-970A-74A6C456354A}.Release|Any CPU.ActiveCfg = Release|Any CPU
		{6902851D-893E-452A-970A-74A6C456354A}.Release|Any CPU.Build.0 = Release|Any CPU
		{6902851D-893E-452A-970A-74A6C456354A}.Release|ARM.ActiveCfg = Release|ARM
		{6902851D-893E-452A-970A-74A6C456354A}.Release|ARM.Build.0 = Release|ARM
		{6902851D-893E-452A-970A-74A6C456354A}.Release|ARM64.ActiveCfg = Release|ARM64
		{6902851D-893E-452A-970A-74A6C456354A}.Release|ARM64.Build.0 = Release|ARM64
		{6902851D-893E-452A-970A-74A6C456354A}.Release|x64.ActiveCfg = Release|x64
		{6902851D-893E-452A-970A-74A6C456354A}.Release|x64.Build.0 = Release|x64
		{6902851D-893E-452A-970A-74A6C456354A}.Release|x86.ActiveCfg = Release|x86
		{6902851D-893E-452A-970A-74A6C456354A}.Release|x86.Build.0 = Release|x86
	EndGlobalSection
	GlobalSection(SolutionProperties) = preSolution
		HideSolutionNode = FALSE
	EndGlobalSection
	GlobalSection(ExtensibilityGlobals) = postSolution
		SolutionGuid = {C212D94F-1E50-49EB-B122-BC818C6D7FEC}
	EndGlobalSection
EndGlobal
