
Microsoft Visual Studio Solution File, Format Version 12.00
# Visual Studio Version 16
VisualStudioVersion = 16.0.30517.126
MinimumVisualStudioVersion = 10.0.40219.1
Project("{FAE04EC0-301F-11D3-BF4B-00C04F79EFBC}") = "UD12", "UD12\UD12.csproj", "{173E0A49-3D4C-4A40-B438-11F2AB43E799}"
EndProject
Global
	GlobalSection(SolutionConfigurationPlatforms) = preSolution
		Debug|ARM = Debug|ARM
		Debug|ARM64 = Debug|ARM64
		Debug|x64 = Debug|x64
		Debug|x86 = Debug|x86
		Release|ARM = Release|ARM
		Release|ARM64 = Release|ARM64
		Release|x64 = Release|x64
		Release|x86 = Release|x86
	EndGlobalSection
	GlobalSection(ProjectConfigurationPlatforms) = postSolution
		{173E0A49-3D4C-4A40-B438-11F2AB43E799}.Debug|ARM.ActiveCfg = Debug|ARM
		{173E0A49-3D4C-4A40-B438-11F2AB43E799}.Debug|ARM.Build.0 = Debug|ARM
		{173E0A49-3D4C-4A40-B438-11F2AB43E799}.Debug|ARM.Deploy.0 = Debug|ARM
		{173E0A49-3D4C-4A40-B438-11F2AB43E799}.Debug|ARM64.ActiveCfg = Debug|ARM64
		{173E0A49-3D4C-4A40-B438-11F2AB43E799}.Debug|ARM64.Build.0 = Debug|ARM64
		{173E0A49-3D4C-4A40-B438-11F2AB43E799}.Debug|ARM64.Deploy.0 = Debug|ARM64
		{173E0A49-3D4C-4A40-B438-11F2AB43E799}.Debug|x64.ActiveCfg = Debug|x64
		{173E0A49-3D4C-4A40-B438-11F2AB43E799}.Debug|x64.Build.0 = Debug|x64
		{173E0A49-3D4C-4A40-B438-11F2AB43E799}.Debug|x64.Deploy.0 = Debug|x64
		{173E0A49-3D4C-4A40-B438-11F2AB43E799}.Debug|x86.ActiveCfg = Debug|x86
		{173E0A49-3D4C-4A40-B438-11F2AB43E799}.Debug|x86.Build.0 = Debug|x86
		{173E0A49-3D4C-4A40-B438-11F2AB43E799}.Debug|x86.Deploy.0 = Debug|x86
		{173E0A49-3D4C-4A40-B438-11F2AB43E799}.Release|ARM.ActiveCfg = Release|ARM
		{173E0A49-3D4C-4A40-B438-11F2AB43E799}.Release|ARM.Build.0 = Release|ARM
		{173E0A49-3D4C-4A40-B438-11F2AB43E799}.Release|ARM.Deploy.0 = Release|ARM
		{173E0A49-3D4C-4A40-B438-11F2AB43E799}.Release|ARM64.ActiveCfg = Release|ARM64
		{173E0A49-3D4C-4A40-B438-11F2AB43E799}.Release|ARM64.Build.0 = Release|ARM64
		{173E0A49-3D4C-4A40-B438-11F2AB43E799}.Release|ARM64.Deploy.0 = Release|ARM64
		{173E0A49-3D4C-4A40-B438-11F2AB43E799}.Release|x64.ActiveCfg = Release|x64
		{173E0A49-3D4C-4A40-B438-11F2AB43E799}.Release|x64.Build.0 = Release|x64
		{173E0A49-3D4C-4A40-B438-11F2AB43E799}.Release|x64.Deploy.0 = Release|x64
		{173E0A49-3D4C-4A40-B438-11F2AB43E799}.Release|x86.ActiveCfg = Release|x86
		{173E0A49-3D4C-4A40-B438-11F2AB43E799}.Release|x86.Build.0 = Release|x86
		{173E0A49-3D4C-4A40-B438-11F2AB43E799}.Release|x86.Deploy.0 = Release|x86
	EndGlobalSection
	GlobalSection(SolutionProperties) = preSolution
		HideSolutionNode = FALSE
	EndGlobalSection
	GlobalSection(ExtensibilityGlobals) = postSolution
		SolutionGuid = {B9460F64-E41F-446C-9AA6-6D51243926A0}
	EndGlobalSection
EndGlobal
