
Microsoft Visual Studio Solution File, Format Version 12.00
# Visual Studio Version 16
VisualStudioVersion = 16.0.30711.63
MinimumVisualStudioVersion = 10.0.40219.1
Project("{FAE04EC0-301F-11D3-BF4B-00C04F79EFBC}") = "08-Ejercicio4Unidad11-UI", "08-Ejercicio4Unidad11\08-Ejercicio4Unidad11-UI.csproj", "{29B6C657-E9E8-4108-9317-CAFC916EE971}"
EndProject
Project("{FAE04EC0-301F-11D3-BF4B-00C04F79EFBC}") = "08-Ejercicio4Unidad11-Entity", "08-Ejercicio4Unidad11-Entity\08-Ejercicio4Unidad11-Entity.csproj", "{F96228EE-369D-4530-A819-9CDA0FD88FDE}"
EndProject
Project("{FAE04EC0-301F-11D3-BF4B-00C04F79EFBC}") = "08-Ejercicio4Unidad11-DAL", "08-Ejercicio4Unidad11-DAL\08-Ejercicio4Unidad11-DAL.csproj", "{1FD1A8A9-9FB5-4FD3-8B10-4A6996EBB7C4}"
EndProject
Project("{FAE04EC0-301F-11D3-BF4B-00C04F79EFBC}") = "08-Ejercicio4Unidad11-BL", "08-Ejercicio4Unidad11-BL\08-Ejercicio4Unidad11-BL.csproj", "{B450F497-01B2-4916-8609-0C5B1BAA6BBF}"
EndProject
Global
	GlobalSection(SolutionConfigurationPlatforms) = preSolution
		Debug|Any CPU = Debug|Any CPU
		Debug|ARM = Debug|ARM
		Debug|ARM64 = Debug|ARM64
		Debug|x64 = Debug|x64
		Debug|x86 = Debug|x86
		Release|Any CPU = Release|Any CPU
		Release|ARM = Release|ARM
		Release|ARM64 = Release|ARM64
		Release|x64 = Release|x64
		Release|x86 = Release|x86
	EndGlobalSection
	GlobalSection(ProjectConfigurationPlatforms) = postSolution
		{29B6C657-E9E8-4108-9317-CAFC916EE971}.Debug|Any CPU.ActiveCfg = Debug|x86
		{29B6C657-E9E8-4108-9317-CAFC916EE971}.Debug|ARM.ActiveCfg = Debug|ARM
		{29B6C657-E9E8-4108-9317-CAFC916EE971}.Debug|ARM.Build.0 = Debug|ARM
		{29B6C657-E9E8-4108-9317-CAFC916EE971}.Debug|ARM.Deploy.0 = Debug|ARM
		{29B6C657-E9E8-4108-9317-CAFC916EE971}.Debug|ARM64.ActiveCfg = Debug|ARM64
		{29B6C657-E9E8-4108-9317-CAFC916EE971}.Debug|ARM64.Build.0 = Debug|ARM64
		{29B6C657-E9E8-4108-9317-CAFC916EE971}.Debug|ARM64.Deploy.0 = Debug|ARM64
		{29B6C657-E9E8-4108-9317-CAFC916EE971}.Debug|x64.ActiveCfg = Debug|x64
		{29B6C657-E9E8-4108-9317-CAFC916EE971}.Debug|x64.Build.0 = Debug|x64
		{29B6C657-E9E8-4108-9317-CAFC916EE971}.Debug|x64.Deploy.0 = Debug|x64
		{29B6C657-E9E8-4108-9317-CAFC916EE971}.Debug|x86.ActiveCfg = Debug|x86
		{29B6C657-E9E8-4108-9317-CAFC916EE971}.Debug|x86.Build.0 = Debug|x86
		{29B6C657-E9E8-4108-9317-CAFC916EE971}.Debug|x86.Deploy.0 = Debug|x86
		{29B6C657-E9E8-4108-9317-CAFC916EE971}.Release|Any CPU.ActiveCfg = Release|x86
		{29B6C657-E9E8-4108-9317-CAFC916EE971}.Release|ARM.ActiveCfg = Release|ARM
		{29B6C657-E9E8-4108-9317-CAFC916EE971}.Release|ARM.Build.0 = Release|ARM
		{29B6C657-E9E8-4108-9317-CAFC916EE971}.Release|ARM.Deploy.0 = Release|ARM
		{29B6C657-E9E8-4108-9317-CAFC916EE971}.Release|ARM64.ActiveCfg = Release|ARM64
		{29B6C657-E9E8-4108-9317-CAFC916EE971}.Release|ARM64.Build.0 = Release|ARM64
		{29B6C657-E9E8-4108-9317-CAFC916EE971}.Release|ARM64.Deploy.0 = Release|ARM64
		{29B6C657-E9E8-4108-9317-CAFC916EE971}.Release|x64.ActiveCfg = Release|x64
		{29B6C657-E9E8-4108-9317-CAFC916EE971}.Release|x64.Build.0 = Release|x64
		{29B6C657-E9E8-4108-9317-CAFC916EE971}.Release|x64.Deploy.0 = Release|x64
		{29B6C657-E9E8-4108-9317-CAFC916EE971}.Release|x86.ActiveCfg = Release|x86
		{29B6C657-E9E8-4108-9317-CAFC916EE971}.Release|x86.Build.0 = Release|x86
		{29B6C657-E9E8-4108-9317-CAFC916EE971}.Release|x86.Deploy.0 = Release|x86
		{F96228EE-369D-4530-A819-9CDA0FD88FDE}.Debug|Any CPU.ActiveCfg = Debug|Any CPU
		{F96228EE-369D-4530-A819-9CDA0FD88FDE}.Debug|Any CPU.Build.0 = Debug|Any CPU
		{F96228EE-369D-4530-A819-9CDA0FD88FDE}.Debug|ARM.ActiveCfg = Debug|ARM
		{F96228EE-369D-4530-A819-9CDA0FD88FDE}.Debug|ARM.Build.0 = Debug|ARM
		{F96228EE-369D-4530-A819-9CDA0FD88FDE}.Debug|ARM64.ActiveCfg = Debug|ARM64
		{F96228EE-369D-4530-A819-9CDA0FD88FDE}.Debug|ARM64.Build.0 = Debug|ARM64
		{F96228EE-369D-4530-A819-9CDA0FD88FDE}.Debug|x64.ActiveCfg = Debug|x64
		{F96228EE-369D-4530-A819-9CDA0FD88FDE}.Debug|x64.Build.0 = Debug|x64
		{F96228EE-369D-4530-A819-9CDA0FD88FDE}.Debug|x86.ActiveCfg = Debug|x86
		{F96228EE-369D-4530-A819-9CDA0FD88FDE}.Debug|x86.Build.0 = Debug|x86
		{F96228EE-369D-4530-A819-9CDA0FD88FDE}.Release|Any CPU.ActiveCfg = Release|Any CPU
		{F96228EE-369D-4530-A819-9CDA0FD88FDE}.Release|Any CPU.Build.0 = Release|Any CPU
		{F96228EE-369D-4530-A819-9CDA0FD88FDE}.Release|ARM.ActiveCfg = Release|ARM
		{F96228EE-369D-4530-A819-9CDA0FD88FDE}.Release|ARM.Build.0 = Release|ARM
		{F96228EE-369D-4530-A819-9CDA0FD88FDE}.Release|ARM64.ActiveCfg = Release|ARM64
		{F96228EE-369D-4530-A819-9CDA0FD88FDE}.Release|ARM64.Build.0 = Release|ARM64
		{F96228EE-369D-4530-A819-9CDA0FD88FDE}.Release|x64.ActiveCfg = Release|x64
		{F96228EE-369D-4530-A819-9CDA0FD88FDE}.Release|x64.Build.0 = Release|x64
		{F96228EE-369D-4530-A819-9CDA0FD88FDE}.Release|x86.ActiveCfg = Release|x86
		{F96228EE-369D-4530-A819-9CDA0FD88FDE}.Release|x86.Build.0 = Release|x86
		{1FD1A8A9-9FB5-4FD3-8B10-4A6996EBB7C4}.Debug|Any CPU.ActiveCfg = Debug|Any CPU
		{1FD1A8A9-9FB5-4FD3-8B10-4A6996EBB7C4}.Debug|Any CPU.Build.0 = Debug|Any CPU
		{1FD1A8A9-9FB5-4FD3-8B10-4A6996EBB7C4}.Debug|ARM.ActiveCfg = Debug|ARM
		{1FD1A8A9-9FB5-4FD3-8B10-4A6996EBB7C4}.Debug|ARM.Build.0 = Debug|ARM
		{1FD1A8A9-9FB5-4FD3-8B10-4A6996EBB7C4}.Debug|ARM64.ActiveCfg = Debug|ARM64
		{1FD1A8A9-9FB5-4FD3-8B10-4A6996EBB7C4}.Debug|ARM64.Build.0 = Debug|ARM64
		{1FD1A8A9-9FB5-4FD3-8B10-4A6996EBB7C4}.Debug|x64.ActiveCfg = Debug|x64
		{1FD1A8A9-9FB5-4FD3-8B10-4A6996EBB7C4}.Debug|x64.Build.0 = Debug|x64
		{1FD1A8A9-9FB5-4FD3-8B10-4A6996EBB7C4}.Debug|x86.ActiveCfg = Debug|x86
		{1FD1A8A9-9FB5-4FD3-8B10-4A6996EBB7C4}.Debug|x86.Build.0 = Debug|x86
		{1FD1A8A9-9FB5-4FD3-8B10-4A6996EBB7C4}.Release|Any CPU.ActiveCfg = Release|Any CPU
		{1FD1A8A9-9FB5-4FD3-8B10-4A6996EBB7C4}.Release|Any CPU.Build.0 = Release|Any CPU
		{1FD1A8A9-9FB5-4FD3-8B10-4A6996EBB7C4}.Release|ARM.ActiveCfg = Release|ARM
		{1FD1A8A9-9FB5-4FD3-8B10-4A6996EBB7C4}.Release|ARM.Build.0 = Release|ARM
		{1FD1A8A9-9FB5-4FD3-8B10-4A6996EBB7C4}.Release|ARM64.ActiveCfg = Release|ARM64
		{1FD1A8A9-9FB5-4FD3-8B10-4A6996EBB7C4}.Release|ARM64.Build.0 = Release|ARM64
		{1FD1A8A9-9FB5-4FD3-8B10-4A6996EBB7C4}.Release|x64.ActiveCfg = Release|x64
		{1FD1A8A9-9FB5-4FD3-8B10-4A6996EBB7C4}.Release|x64.Build.0 = Release|x64
		{1FD1A8A9-9FB5-4FD3-8B10-4A6996EBB7C4}.Release|x86.ActiveCfg = Release|x86
		{1FD1A8A9-9FB5-4FD3-8B10-4A6996EBB7C4}.Release|x86.Build.0 = Release|x86
		{B450F497-01B2-4916-8609-0C5B1BAA6BBF}.Debug|Any CPU.ActiveCfg = Debug|Any CPU
		{B450F497-01B2-4916-8609-0C5B1BAA6BBF}.Debug|Any CPU.Build.0 = Debug|Any CPU
		{B450F497-01B2-4916-8609-0C5B1BAA6BBF}.Debug|ARM.ActiveCfg = Debug|ARM
		{B450F497-01B2-4916-8609-0C5B1BAA6BBF}.Debug|ARM.Build.0 = Debug|ARM
		{B450F497-01B2-4916-8609-0C5B1BAA6BBF}.Debug|ARM64.ActiveCfg = Debug|ARM64
		{B450F497-01B2-4916-8609-0C5B1BAA6BBF}.Debug|ARM64.Build.0 = Debug|ARM64
		{B450F497-01B2-4916-8609-0C5B1BAA6BBF}.Debug|x64.ActiveCfg = Debug|x64
		{B450F497-01B2-4916-8609-0C5B1BAA6BBF}.Debug|x64.Build.0 = Debug|x64
		{B450F497-01B2-4916-8609-0C5B1BAA6BBF}.Debug|x86.ActiveCfg = Debug|x86
		{B450F497-01B2-4916-8609-0C5B1BAA6BBF}.Debug|x86.Build.0 = Debug|x86
		{B450F497-01B2-4916-8609-0C5B1BAA6BBF}.Release|Any CPU.ActiveCfg = Release|Any CPU
		{B450F497-01B2-4916-8609-0C5B1BAA6BBF}.Release|Any CPU.Build.0 = Release|Any CPU
		{B450F497-01B2-4916-8609-0C5B1BAA6BBF}.Release|ARM.ActiveCfg = Release|ARM
		{B450F497-01B2-4916-8609-0C5B1BAA6BBF}.Release|ARM.Build.0 = Release|ARM
		{B450F497-01B2-4916-8609-0C5B1BAA6BBF}.Release|ARM64.ActiveCfg = Release|ARM64
		{B450F497-01B2-4916-8609-0C5B1BAA6BBF}.Release|ARM64.Build.0 = Release|ARM64
		{B450F497-01B2-4916-8609-0C5B1BAA6BBF}.Release|x64.ActiveCfg = Release|x64
		{B450F497-01B2-4916-8609-0C5B1BAA6BBF}.Release|x64.Build.0 = Release|x64
		{B450F497-01B2-4916-8609-0C5B1BAA6BBF}.Release|x86.ActiveCfg = Release|x86
		{B450F497-01B2-4916-8609-0C5B1BAA6BBF}.Release|x86.Build.0 = Release|x86
	EndGlobalSection
	GlobalSection(SolutionProperties) = preSolution
		HideSolutionNode = FALSE
	EndGlobalSection
	GlobalSection(ExtensibilityGlobals) = postSolution
		SolutionGuid = {404523FD-C171-4090-93D7-0CE169E52FE3}
	EndGlobalSection
EndGlobal
