
Microsoft Visual Studio Solution File, Format Version 12.00
# Visual Studio Version 16
VisualStudioVersion = 16.0.30517.126
MinimumVisualStudioVersion = 10.0.40219.1
Project("{E24C65DC-7377-472B-9ABA-BC803B73C61A}") = "AJAX", ".", "{3ECB60F9-7A1D-48AB-A510-69C0BEE81BB3}"
	ProjectSection(WebsiteProperties) = preProject
		TargetFrameworkMoniker = ".NETFramework,Version%3Dv4.0"
		Debug.AspNetCompiler.VirtualPath = "/localhost_55433"
		Debug.AspNetCompiler.PhysicalPath = "..\..\..\Desktop\2-DAM\2-DAM\SGE\AJAX\"
		Debug.AspNetCompiler.TargetPath = "PrecompiledWeb\localhost_55433\"
		Debug.AspNetCompiler.Updateable = "true"
		Debug.AspNetCompiler.ForceOverwrite = "true"
		Debug.AspNetCompiler.FixedNames = "false"
		Debug.AspNetCompiler.Debug = "True"
		Release.AspNetCompiler.VirtualPath = "/localhost_55433"
		Release.AspNetCompiler.PhysicalPath = "..\..\..\Desktop\2-DAM\2-DAM\SGE\AJAX\"
		Release.AspNetCompiler.TargetPath = "PrecompiledWeb\localhost_55433\"
		Release.AspNetCompiler.Updateable = "true"
		Release.AspNetCompiler.ForceOverwrite = "true"
		Release.AspNetCompiler.FixedNames = "false"
		Release.AspNetCompiler.Debug = "False"
		VWDPort = "55433"
	EndProjectSection
EndProject
Global
	GlobalSection(SolutionConfigurationPlatforms) = preSolution
		Debug|Any CPU = Debug|Any CPU
	EndGlobalSection
	GlobalSection(ProjectConfigurationPlatforms) = postSolution
		{3ECB60F9-7A1D-48AB-A510-69C0BEE81BB3}.Debug|Any CPU.ActiveCfg = Debug|Any CPU
		{3ECB60F9-7A1D-48AB-A510-69C0BEE81BB3}.Debug|Any CPU.Build.0 = Debug|Any CPU
	EndGlobalSection
	GlobalSection(SolutionProperties) = preSolution
		HideSolutionNode = FALSE
	EndGlobalSection
	GlobalSection(ExtensibilityGlobals) = postSolution
		SolutionGuid = {6A27DB3B-A8DA-409E-8212-E7E2EF2E707A}
	EndGlobalSection
EndGlobal
